<?xml version="1.0" encoding="UTF-8"?>
<CodeBlocks_project_file>
	<FileVersion major="1" minor="6"/>
	<Project>
		<Option title="libBLS"/>
		<Option makefile_is_custom="1"/>
		<Option compiler="gcc"/>
		<Option virtualFolders="CMake Files\;CMake Files\cmake\;CMake Files\..\;CMake Files\..\..\;CMake Files\..\..\home\;CMake Files\..\..\home\kladko\;CMake Files\..\..\home\kladko\.hunter\;CMake Files\..\..\home\kladko\.hunter\_Base\;CMake Files\..\..\home\kladko\.hunter\_Base\Download\;CMake Files\..\..\home\kladko\.hunter\_Base\Download\Hunter\;CMake Files\..\..\home\kladko\.hunter\_Base\Download\Hunter\0.23.76\;CMake Files\..\..\home\kladko\.hunter\_Base\Download\Hunter\0.23.76\c7b6099\;CMake Files\..\..\home\kladko\.hunter\_Base\Download\Hunter\0.23.76\c7b6099\Unpacked\;CMake Files\..\..\home\kladko\.hunter\_Base\Download\Hunter\0.23.76\c7b6099\Unpacked\cmake\;CMake Files\..\..\home\kladko\.hunter\_Base\Download\Hunter\0.23.76\c7b6099\Unpacked\cmake\modules\;CMake Files\..\..\home\kladko\.hunter\_Base\Download\Hunter\0.23.76\c7b6099\Unpacked\cmake\configs\;CMake Files\..\..\home\kladko\.hunter\_Base\Download\Hunter\0.23.76\c7b6099\Unpacked\cmake\projects\;CMake Files\..\..\home\kladko\.hunter\_Base\Download\Hunter\0.23.76\c7b6099\Unpacked\cmake\projects\leveldb\;CMake Files\..\..\home\kladko\.hunter\_Base\Download\Hunter\0.23.76\c7b6099\Unpacked\scripts\;CMake Files\..\..\home\kladko\.hunter\_Base\c7b6099\;CMake Files\..\..\home\kladko\.hunter\_Base\c7b6099\4162dcb\;CMake Files\..\..\home\kladko\.hunter\_Base\c7b6099\4162dcb\e190f5f\;CMake Files\..\..\home\kladko\.hunter\_Base\c7b6099\4162dcb\e190f5f\Install\;CMake Files\..\..\home\kladko\.hunter\_Base\c7b6099\4162dcb\e190f5f\Install\lib\;CMake Files\..\..\home\kladko\.hunter\_Base\c7b6099\4162dcb\e190f5f\Install\lib\cmake\;CMake Files\..\..\home\kladko\.hunter\_Base\c7b6099\4162dcb\e190f5f\Install\lib\cmake\leveldb\;CMake Files\..\..\home\kladko\.hunter\_Base\c7b6099\4162dcb\e190f5f\Install\lib\cmake\crc32c\;CMake Files\..\..\home\kladko\.hunter\_Base\c7b6099\4162dcb\e190f5f\Install\lib\cmake\Snappy\;CMake Files\_3rdParty\;CMake Files\_3rdParty\Hunter\;CMake Files\_3rdParty\Hunter\toolchain\;CMake Files\_3rdParty\Hunter\config-id\;CMake Files\libBLS\;CMake Files\libBLS\cmake\;CMake Files\libBLS\threshold_encryption\;"/>
		<Build>
			<Target title="all">
				<Option working_dir="/d/skale-consensus/libBLS"/>
				<Option type="4"/>
				<MakeCommands>
					<Build command="/usr/bin/gmake -f &quot;/d/skale-consensus/libBLS/Makefile&quot;  VERBOSE=1 all"/>
					<CompileFile command="/usr/bin/gmake -f &quot;/d/skale-consensus/libBLS/Makefile&quot;  VERBOSE=1 &quot;$file&quot;"/>
					<Clean command="/usr/bin/gmake -f &quot;/d/skale-consensus/libBLS/Makefile&quot;  VERBOSE=1 clean"/>
					<DistClean command="/usr/bin/gmake -f &quot;/d/skale-consensus/libBLS/Makefile&quot;  VERBOSE=1 clean"/>
				</MakeCommands>
			</Target>
			<Target title="hash_g1">
				<Option output="/d/skale-consensus/libBLS/hash_g1" prefix_auto="0" extension_auto="0"/>
				<Option working_dir="/d/skale-consensus/libBLS"/>
				<Option object_output="./"/>
				<Option type="1"/>
				<Option compiler="gcc"/>
				<Compiler>
					<Add option="-DBLS_VERSION=0.2.0"/>
					<Add directory="/d/skale-consensus/libBLS/deps/deps_inst/x86_or_x64/include"/>
					<Add directory="/d/skale-consensus/deps/include"/>
					<Add directory="/d/skale-consensus/libBLS"/>
				</Compiler>
				<MakeCommands>
					<Build command="/usr/bin/gmake -f &quot;/d/skale-consensus/libBLS/Makefile&quot;  VERBOSE=1 hash_g1"/>
					<CompileFile command="/usr/bin/gmake -f &quot;/d/skale-consensus/libBLS/Makefile&quot;  VERBOSE=1 &quot;$file&quot;"/>
					<Clean command="/usr/bin/gmake -f &quot;/d/skale-consensus/libBLS/Makefile&quot;  VERBOSE=1 clean"/>
					<DistClean command="/usr/bin/gmake -f &quot;/d/skale-consensus/libBLS/Makefile&quot;  VERBOSE=1 clean"/>
				</MakeCommands>
			</Target>
			<Target title="hash_g1/fast">
				<Option output="/d/skale-consensus/libBLS/hash_g1" prefix_auto="0" extension_auto="0"/>
				<Option working_dir="/d/skale-consensus/libBLS"/>
				<Option object_output="./"/>
				<Option type="1"/>
				<Option compiler="gcc"/>
				<Compiler>
					<Add option="-DBLS_VERSION=0.2.0"/>
					<Add directory="/d/skale-consensus/libBLS/deps/deps_inst/x86_or_x64/include"/>
					<Add directory="/d/skale-consensus/deps/include"/>
					<Add directory="/d/skale-consensus/libBLS"/>
				</Compiler>
				<MakeCommands>
					<Build command="/usr/bin/gmake -f &quot;/d/skale-consensus/libBLS/Makefile&quot;  VERBOSE=1 hash_g1/fast"/>
					<CompileFile command="/usr/bin/gmake -f &quot;/d/skale-consensus/libBLS/Makefile&quot;  VERBOSE=1 &quot;$file&quot;"/>
					<Clean command="/usr/bin/gmake -f &quot;/d/skale-consensus/libBLS/Makefile&quot;  VERBOSE=1 clean"/>
					<DistClean command="/usr/bin/gmake -f &quot;/d/skale-consensus/libBLS/Makefile&quot;  VERBOSE=1 clean"/>
				</MakeCommands>
			</Target>
			<Target title="dkg_glue">
				<Option output="/d/skale-consensus/libBLS/dkg_glue" prefix_auto="0" extension_auto="0"/>
				<Option working_dir="/d/skale-consensus/libBLS"/>
				<Option object_output="./"/>
				<Option type="1"/>
				<Option compiler="gcc"/>
				<Compiler>
					<Add option="-DBLS_VERSION=0.2.0"/>
					<Add directory="/d/skale-consensus/libBLS/deps/deps_inst/x86_or_x64/include"/>
					<Add directory="/d/skale-consensus/deps/include"/>
					<Add directory="/d/skale-consensus/libBLS"/>
				</Compiler>
				<MakeCommands>
					<Build command="/usr/bin/gmake -f &quot;/d/skale-consensus/libBLS/Makefile&quot;  VERBOSE=1 dkg_glue"/>
					<CompileFile command="/usr/bin/gmake -f &quot;/d/skale-consensus/libBLS/Makefile&quot;  VERBOSE=1 &quot;$file&quot;"/>
					<Clean command="/usr/bin/gmake -f &quot;/d/skale-consensus/libBLS/Makefile&quot;  VERBOSE=1 clean"/>
					<DistClean command="/usr/bin/gmake -f &quot;/d/skale-consensus/libBLS/Makefile&quot;  VERBOSE=1 clean"/>
				</MakeCommands>
			</Target>
			<Target title="dkg_glue/fast">
				<Option output="/d/skale-consensus/libBLS/dkg_glue" prefix_auto="0" extension_auto="0"/>
				<Option working_dir="/d/skale-consensus/libBLS"/>
				<Option object_output="./"/>
				<Option type="1"/>
				<Option compiler="gcc"/>
				<Compiler>
					<Add option="-DBLS_VERSION=0.2.0"/>
					<Add directory="/d/skale-consensus/libBLS/deps/deps_inst/x86_or_x64/include"/>
					<Add directory="/d/skale-consensus/deps/include"/>
					<Add directory="/d/skale-consensus/libBLS"/>
				</Compiler>
				<MakeCommands>
					<Build command="/usr/bin/gmake -f &quot;/d/skale-consensus/libBLS/Makefile&quot;  VERBOSE=1 dkg_glue/fast"/>
					<CompileFile command="/usr/bin/gmake -f &quot;/d/skale-consensus/libBLS/Makefile&quot;  VERBOSE=1 &quot;$file&quot;"/>
					<Clean command="/usr/bin/gmake -f &quot;/d/skale-consensus/libBLS/Makefile&quot;  VERBOSE=1 clean"/>
					<DistClean command="/usr/bin/gmake -f &quot;/d/skale-consensus/libBLS/Makefile&quot;  VERBOSE=1 clean"/>
				</MakeCommands>
			</Target>
			<Target title="verify_bls">
				<Option output="/d/skale-consensus/libBLS/verify_bls" prefix_auto="0" extension_auto="0"/>
				<Option working_dir="/d/skale-consensus/libBLS"/>
				<Option object_output="./"/>
				<Option type="1"/>
				<Option compiler="gcc"/>
				<Compiler>
					<Add option="-DBLS_VERSION=0.2.0"/>
					<Add directory="/d/skale-consensus/libBLS/deps/deps_inst/x86_or_x64/include"/>
					<Add directory="/d/skale-consensus/deps/include"/>
					<Add directory="/d/skale-consensus/libBLS"/>
				</Compiler>
				<MakeCommands>
					<Build command="/usr/bin/gmake -f &quot;/d/skale-consensus/libBLS/Makefile&quot;  VERBOSE=1 verify_bls"/>
					<CompileFile command="/usr/bin/gmake -f &quot;/d/skale-consensus/libBLS/Makefile&quot;  VERBOSE=1 &quot;$file&quot;"/>
					<Clean command="/usr/bin/gmake -f &quot;/d/skale-consensus/libBLS/Makefile&quot;  VERBOSE=1 clean"/>
					<DistClean command="/usr/bin/gmake -f &quot;/d/skale-consensus/libBLS/Makefile&quot;  VERBOSE=1 clean"/>
				</MakeCommands>
			</Target>
			<Target title="verify_bls/fast">
				<Option output="/d/skale-consensus/libBLS/verify_bls" prefix_auto="0" extension_auto="0"/>
				<Option working_dir="/d/skale-consensus/libBLS"/>
				<Option object_output="./"/>
				<Option type="1"/>
				<Option compiler="gcc"/>
				<Compiler>
					<Add option="-DBLS_VERSION=0.2.0"/>
					<Add directory="/d/skale-consensus/libBLS/deps/deps_inst/x86_or_x64/include"/>
					<Add directory="/d/skale-consensus/deps/include"/>
					<Add directory="/d/skale-consensus/libBLS"/>
				</Compiler>
				<MakeCommands>
					<Build command="/usr/bin/gmake -f &quot;/d/skale-consensus/libBLS/Makefile&quot;  VERBOSE=1 verify_bls/fast"/>
					<CompileFile command="/usr/bin/gmake -f &quot;/d/skale-consensus/libBLS/Makefile&quot;  VERBOSE=1 &quot;$file&quot;"/>
					<Clean command="/usr/bin/gmake -f &quot;/d/skale-consensus/libBLS/Makefile&quot;  VERBOSE=1 clean"/>
					<DistClean command="/usr/bin/gmake -f &quot;/d/skale-consensus/libBLS/Makefile&quot;  VERBOSE=1 clean"/>
				</MakeCommands>
			</Target>
			<Target title="bls_glue">
				<Option output="/d/skale-consensus/libBLS/bls_glue" prefix_auto="0" extension_auto="0"/>
				<Option working_dir="/d/skale-consensus/libBLS"/>
				<Option object_output="./"/>
				<Option type="1"/>
				<Option compiler="gcc"/>
				<Compiler>
					<Add option="-DBLS_VERSION=0.2.0"/>
					<Add directory="/d/skale-consensus/libBLS/deps/deps_inst/x86_or_x64/include"/>
					<Add directory="/d/skale-consensus/deps/include"/>
					<Add directory="/d/skale-consensus/libBLS"/>
				</Compiler>
				<MakeCommands>
					<Build command="/usr/bin/gmake -f &quot;/d/skale-consensus/libBLS/Makefile&quot;  VERBOSE=1 bls_glue"/>
					<CompileFile command="/usr/bin/gmake -f &quot;/d/skale-consensus/libBLS/Makefile&quot;  VERBOSE=1 &quot;$file&quot;"/>
					<Clean command="/usr/bin/gmake -f &quot;/d/skale-consensus/libBLS/Makefile&quot;  VERBOSE=1 clean"/>
					<DistClean command="/usr/bin/gmake -f &quot;/d/skale-consensus/libBLS/Makefile&quot;  VERBOSE=1 clean"/>
				</MakeCommands>
			</Target>
			<Target title="bls_glue/fast">
				<Option output="/d/skale-consensus/libBLS/bls_glue" prefix_auto="0" extension_auto="0"/>
				<Option working_dir="/d/skale-consensus/libBLS"/>
				<Option object_output="./"/>
				<Option type="1"/>
				<Option compiler="gcc"/>
				<Compiler>
					<Add option="-DBLS_VERSION=0.2.0"/>
					<Add directory="/d/skale-consensus/libBLS/deps/deps_inst/x86_or_x64/include"/>
					<Add directory="/d/skale-consensus/deps/include"/>
					<Add directory="/d/skale-consensus/libBLS"/>
				</Compiler>
				<MakeCommands>
					<Build command="/usr/bin/gmake -f &quot;/d/skale-consensus/libBLS/Makefile&quot;  VERBOSE=1 bls_glue/fast"/>
					<CompileFile command="/usr/bin/gmake -f &quot;/d/skale-consensus/libBLS/Makefile&quot;  VERBOSE=1 &quot;$file&quot;"/>
					<Clean command="/usr/bin/gmake -f &quot;/d/skale-consensus/libBLS/Makefile&quot;  VERBOSE=1 clean"/>
					<DistClean command="/usr/bin/gmake -f &quot;/d/skale-consensus/libBLS/Makefile&quot;  VERBOSE=1 clean"/>
				</MakeCommands>
			</Target>
			<Target title="sign_bls">
				<Option output="/d/skale-consensus/libBLS/sign_bls" prefix_auto="0" extension_auto="0"/>
				<Option working_dir="/d/skale-consensus/libBLS"/>
				<Option object_output="./"/>
				<Option type="1"/>
				<Option compiler="gcc"/>
				<Compiler>
					<Add option="-DBLS_VERSION=0.2.0"/>
					<Add directory="/d/skale-consensus/libBLS/deps/deps_inst/x86_or_x64/include"/>
					<Add directory="/d/skale-consensus/deps/include"/>
					<Add directory="/d/skale-consensus/libBLS"/>
				</Compiler>
				<MakeCommands>
					<Build command="/usr/bin/gmake -f &quot;/d/skale-consensus/libBLS/Makefile&quot;  VERBOSE=1 sign_bls"/>
					<CompileFile command="/usr/bin/gmake -f &quot;/d/skale-consensus/libBLS/Makefile&quot;  VERBOSE=1 &quot;$file&quot;"/>
					<Clean command="/usr/bin/gmake -f &quot;/d/skale-consensus/libBLS/Makefile&quot;  VERBOSE=1 clean"/>
					<DistClean command="/usr/bin/gmake -f &quot;/d/skale-consensus/libBLS/Makefile&quot;  VERBOSE=1 clean"/>
				</MakeCommands>
			</Target>
			<Target title="sign_bls/fast">
				<Option output="/d/skale-consensus/libBLS/sign_bls" prefix_auto="0" extension_auto="0"/>
				<Option working_dir="/d/skale-consensus/libBLS"/>
				<Option object_output="./"/>
				<Option type="1"/>
				<Option compiler="gcc"/>
				<Compiler>
					<Add option="-DBLS_VERSION=0.2.0"/>
					<Add directory="/d/skale-consensus/libBLS/deps/deps_inst/x86_or_x64/include"/>
					<Add directory="/d/skale-consensus/deps/include"/>
					<Add directory="/d/skale-consensus/libBLS"/>
				</Compiler>
				<MakeCommands>
					<Build command="/usr/bin/gmake -f &quot;/d/skale-consensus/libBLS/Makefile&quot;  VERBOSE=1 sign_bls/fast"/>
					<CompileFile command="/usr/bin/gmake -f &quot;/d/skale-consensus/libBLS/Makefile&quot;  VERBOSE=1 &quot;$file&quot;"/>
					<Clean command="/usr/bin/gmake -f &quot;/d/skale-consensus/libBLS/Makefile&quot;  VERBOSE=1 clean"/>
					<DistClean command="/usr/bin/gmake -f &quot;/d/skale-consensus/libBLS/Makefile&quot;  VERBOSE=1 clean"/>
				</MakeCommands>
			</Target>
			<Target title="utils_unit_test">
				<Option output="/d/skale-consensus/libBLS/utils_unit_test" prefix_auto="0" extension_auto="0"/>
				<Option working_dir="/d/skale-consensus/libBLS"/>
				<Option object_output="./"/>
				<Option type="1"/>
				<Option compiler="gcc"/>
				<Compiler>
					<Add option="-DBLS_VERSION=0.2.0"/>
					<Add directory="/d/skale-consensus/libBLS/deps/deps_inst/x86_or_x64/include"/>
					<Add directory="/d/skale-consensus/deps/include"/>
					<Add directory="/d/skale-consensus/libBLS"/>
				</Compiler>
				<MakeCommands>
					<Build command="/usr/bin/gmake -f &quot;/d/skale-consensus/libBLS/Makefile&quot;  VERBOSE=1 utils_unit_test"/>
					<CompileFile command="/usr/bin/gmake -f &quot;/d/skale-consensus/libBLS/Makefile&quot;  VERBOSE=1 &quot;$file&quot;"/>
					<Clean command="/usr/bin/gmake -f &quot;/d/skale-consensus/libBLS/Makefile&quot;  VERBOSE=1 clean"/>
					<DistClean command="/usr/bin/gmake -f &quot;/d/skale-consensus/libBLS/Makefile&quot;  VERBOSE=1 clean"/>
				</MakeCommands>
			</Target>
			<Target title="utils_unit_test/fast">
				<Option output="/d/skale-consensus/libBLS/utils_unit_test" prefix_auto="0" extension_auto="0"/>
				<Option working_dir="/d/skale-consensus/libBLS"/>
				<Option object_output="./"/>
				<Option type="1"/>
				<Option compiler="gcc"/>
				<Compiler>
					<Add option="-DBLS_VERSION=0.2.0"/>
					<Add directory="/d/skale-consensus/libBLS/deps/deps_inst/x86_or_x64/include"/>
					<Add directory="/d/skale-consensus/deps/include"/>
					<Add directory="/d/skale-consensus/libBLS"/>
				</Compiler>
				<MakeCommands>
					<Build command="/usr/bin/gmake -f &quot;/d/skale-consensus/libBLS/Makefile&quot;  VERBOSE=1 utils_unit_test/fast"/>
					<CompileFile command="/usr/bin/gmake -f &quot;/d/skale-consensus/libBLS/Makefile&quot;  VERBOSE=1 &quot;$file&quot;"/>
					<Clean command="/usr/bin/gmake -f &quot;/d/skale-consensus/libBLS/Makefile&quot;  VERBOSE=1 clean"/>
					<DistClean command="/usr/bin/gmake -f &quot;/d/skale-consensus/libBLS/Makefile&quot;  VERBOSE=1 clean"/>
				</MakeCommands>
			</Target>
			<Target title="dkg_keygen">
				<Option output="/d/skale-consensus/libBLS/dkg_keygen" prefix_auto="0" extension_auto="0"/>
				<Option working_dir="/d/skale-consensus/libBLS"/>
				<Option object_output="./"/>
				<Option type="1"/>
				<Option compiler="gcc"/>
				<Compiler>
					<Add option="-DBLS_VERSION=0.2.0"/>
					<Add directory="/d/skale-consensus/libBLS/deps/deps_inst/x86_or_x64/include"/>
					<Add directory="/d/skale-consensus/deps/include"/>
					<Add directory="/d/skale-consensus/libBLS"/>
				</Compiler>
				<MakeCommands>
					<Build command="/usr/bin/gmake -f &quot;/d/skale-consensus/libBLS/Makefile&quot;  VERBOSE=1 dkg_keygen"/>
					<CompileFile command="/usr/bin/gmake -f &quot;/d/skale-consensus/libBLS/Makefile&quot;  VERBOSE=1 &quot;$file&quot;"/>
					<Clean command="/usr/bin/gmake -f &quot;/d/skale-consensus/libBLS/Makefile&quot;  VERBOSE=1 clean"/>
					<DistClean command="/usr/bin/gmake -f &quot;/d/skale-consensus/libBLS/Makefile&quot;  VERBOSE=1 clean"/>
				</MakeCommands>
			</Target>
			<Target title="dkg_keygen/fast">
				<Option output="/d/skale-consensus/libBLS/dkg_keygen" prefix_auto="0" extension_auto="0"/>
				<Option working_dir="/d/skale-consensus/libBLS"/>
				<Option object_output="./"/>
				<Option type="1"/>
				<Option compiler="gcc"/>
				<Compiler>
					<Add option="-DBLS_VERSION=0.2.0"/>
					<Add directory="/d/skale-consensus/libBLS/deps/deps_inst/x86_or_x64/include"/>
					<Add directory="/d/skale-consensus/deps/include"/>
					<Add directory="/d/skale-consensus/libBLS"/>
				</Compiler>
				<MakeCommands>
					<Build command="/usr/bin/gmake -f &quot;/d/skale-consensus/libBLS/Makefile&quot;  VERBOSE=1 dkg_keygen/fast"/>
					<CompileFile command="/usr/bin/gmake -f &quot;/d/skale-consensus/libBLS/Makefile&quot;  VERBOSE=1 &quot;$file&quot;"/>
					<Clean command="/usr/bin/gmake -f &quot;/d/skale-consensus/libBLS/Makefile&quot;  VERBOSE=1 clean"/>
					<DistClean command="/usr/bin/gmake -f &quot;/d/skale-consensus/libBLS/Makefile&quot;  VERBOSE=1 clean"/>
				</MakeCommands>
			</Target>
			<Target title="dkg_unit_test">
				<Option output="/d/skale-consensus/libBLS/dkg_unit_test" prefix_auto="0" extension_auto="0"/>
				<Option working_dir="/d/skale-consensus/libBLS"/>
				<Option object_output="./"/>
				<Option type="1"/>
				<Option compiler="gcc"/>
				<Compiler>
					<Add option="-DBLS_VERSION=0.2.0"/>
					<Add directory="/d/skale-consensus/libBLS/deps/deps_inst/x86_or_x64/include"/>
					<Add directory="/d/skale-consensus/deps/include"/>
					<Add directory="/d/skale-consensus/libBLS"/>
				</Compiler>
				<MakeCommands>
					<Build command="/usr/bin/gmake -f &quot;/d/skale-consensus/libBLS/Makefile&quot;  VERBOSE=1 dkg_unit_test"/>
					<CompileFile command="/usr/bin/gmake -f &quot;/d/skale-consensus/libBLS/Makefile&quot;  VERBOSE=1 &quot;$file&quot;"/>
					<Clean command="/usr/bin/gmake -f &quot;/d/skale-consensus/libBLS/Makefile&quot;  VERBOSE=1 clean"/>
					<DistClean command="/usr/bin/gmake -f &quot;/d/skale-consensus/libBLS/Makefile&quot;  VERBOSE=1 clean"/>
				</MakeCommands>
			</Target>
			<Target title="dkg_unit_test/fast">
				<Option output="/d/skale-consensus/libBLS/dkg_unit_test" prefix_auto="0" extension_auto="0"/>
				<Option working_dir="/d/skale-consensus/libBLS"/>
				<Option object_output="./"/>
				<Option type="1"/>
				<Option compiler="gcc"/>
				<Compiler>
					<Add option="-DBLS_VERSION=0.2.0"/>
					<Add directory="/d/skale-consensus/libBLS/deps/deps_inst/x86_or_x64/include"/>
					<Add directory="/d/skale-consensus/deps/include"/>
					<Add directory="/d/skale-consensus/libBLS"/>
				</Compiler>
				<MakeCommands>
					<Build command="/usr/bin/gmake -f &quot;/d/skale-consensus/libBLS/Makefile&quot;  VERBOSE=1 dkg_unit_test/fast"/>
					<CompileFile command="/usr/bin/gmake -f &quot;/d/skale-consensus/libBLS/Makefile&quot;  VERBOSE=1 &quot;$file&quot;"/>
					<Clean command="/usr/bin/gmake -f &quot;/d/skale-consensus/libBLS/Makefile&quot;  VERBOSE=1 clean"/>
					<DistClean command="/usr/bin/gmake -f &quot;/d/skale-consensus/libBLS/Makefile&quot;  VERBOSE=1 clean"/>
				</MakeCommands>
			</Target>
			<Target title="bls-format">
				<Option working_dir="/d/skale-consensus/libBLS"/>
				<Option type="4"/>
				<MakeCommands>
					<Build command="/usr/bin/gmake -f &quot;/d/skale-consensus/libBLS/Makefile&quot;  VERBOSE=1 bls-format"/>
					<CompileFile command="/usr/bin/gmake -f &quot;/d/skale-consensus/libBLS/Makefile&quot;  VERBOSE=1 &quot;$file&quot;"/>
					<Clean command="/usr/bin/gmake -f &quot;/d/skale-consensus/libBLS/Makefile&quot;  VERBOSE=1 clean"/>
					<DistClean command="/usr/bin/gmake -f &quot;/d/skale-consensus/libBLS/Makefile&quot;  VERBOSE=1 clean"/>
				</MakeCommands>
			</Target>
			<Target title="bls-format-check-changed">
				<Option working_dir="/d/skale-consensus/libBLS"/>
				<Option type="4"/>
				<MakeCommands>
					<Build command="/usr/bin/gmake -f &quot;/d/skale-consensus/libBLS/Makefile&quot;  VERBOSE=1 bls-format-check-changed"/>
					<CompileFile command="/usr/bin/gmake -f &quot;/d/skale-consensus/libBLS/Makefile&quot;  VERBOSE=1 &quot;$file&quot;"/>
					<Clean command="/usr/bin/gmake -f &quot;/d/skale-consensus/libBLS/Makefile&quot;  VERBOSE=1 clean"/>
					<DistClean command="/usr/bin/gmake -f &quot;/d/skale-consensus/libBLS/Makefile&quot;  VERBOSE=1 clean"/>
				</MakeCommands>
			</Target>
			<Target title="bls">
				<Option output="/d/skale-consensus/libBLS/libblsd.a" prefix_auto="0" extension_auto="0"/>
				<Option working_dir="/d/skale-consensus/libBLS"/>
				<Option object_output="./"/>
				<Option type="2"/>
				<Option compiler="gcc"/>
				<Compiler>
					<Add option="-DBLS_VERSION=0.2.0"/>
					<Add directory="/d/skale-consensus/libBLS/deps/deps_inst/x86_or_x64/include"/>
					<Add directory="/d/skale-consensus/deps/include"/>
					<Add directory="/d/skale-consensus/libBLS"/>
				</Compiler>
				<MakeCommands>
					<Build command="/usr/bin/gmake -f &quot;/d/skale-consensus/libBLS/Makefile&quot;  VERBOSE=1 bls"/>
					<CompileFile command="/usr/bin/gmake -f &quot;/d/skale-consensus/libBLS/Makefile&quot;  VERBOSE=1 &quot;$file&quot;"/>
					<Clean command="/usr/bin/gmake -f &quot;/d/skale-consensus/libBLS/Makefile&quot;  VERBOSE=1 clean"/>
					<DistClean command="/usr/bin/gmake -f &quot;/d/skale-consensus/libBLS/Makefile&quot;  VERBOSE=1 clean"/>
				</MakeCommands>
			</Target>
			<Target title="bls/fast">
				<Option output="/d/skale-consensus/libBLS/libblsd.a" prefix_auto="0" extension_auto="0"/>
				<Option working_dir="/d/skale-consensus/libBLS"/>
				<Option object_output="./"/>
				<Option type="2"/>
				<Option compiler="gcc"/>
				<Compiler>
					<Add option="-DBLS_VERSION=0.2.0"/>
					<Add directory="/d/skale-consensus/libBLS/deps/deps_inst/x86_or_x64/include"/>
					<Add directory="/d/skale-consensus/deps/include"/>
					<Add directory="/d/skale-consensus/libBLS"/>
				</Compiler>
				<MakeCommands>
					<Build command="/usr/bin/gmake -f &quot;/d/skale-consensus/libBLS/Makefile&quot;  VERBOSE=1 bls/fast"/>
					<CompileFile command="/usr/bin/gmake -f &quot;/d/skale-consensus/libBLS/Makefile&quot;  VERBOSE=1 &quot;$file&quot;"/>
					<Clean command="/usr/bin/gmake -f &quot;/d/skale-consensus/libBLS/Makefile&quot;  VERBOSE=1 clean"/>
					<DistClean command="/usr/bin/gmake -f &quot;/d/skale-consensus/libBLS/Makefile&quot;  VERBOSE=1 clean"/>
				</MakeCommands>
			</Target>
			<Target title="bls_unit_test">
				<Option output="/d/skale-consensus/libBLS/bls_unit_test" prefix_auto="0" extension_auto="0"/>
				<Option working_dir="/d/skale-consensus/libBLS"/>
				<Option object_output="./"/>
				<Option type="1"/>
				<Option compiler="gcc"/>
				<Compiler>
					<Add option="-DBLS_VERSION=0.2.0"/>
					<Add directory="/d/skale-consensus/libBLS/deps/deps_inst/x86_or_x64/include"/>
					<Add directory="/d/skale-consensus/deps/include"/>
					<Add directory="/d/skale-consensus/libBLS"/>
				</Compiler>
				<MakeCommands>
					<Build command="/usr/bin/gmake -f &quot;/d/skale-consensus/libBLS/Makefile&quot;  VERBOSE=1 bls_unit_test"/>
					<CompileFile command="/usr/bin/gmake -f &quot;/d/skale-consensus/libBLS/Makefile&quot;  VERBOSE=1 &quot;$file&quot;"/>
					<Clean command="/usr/bin/gmake -f &quot;/d/skale-consensus/libBLS/Makefile&quot;  VERBOSE=1 clean"/>
					<DistClean command="/usr/bin/gmake -f &quot;/d/skale-consensus/libBLS/Makefile&quot;  VERBOSE=1 clean"/>
				</MakeCommands>
			</Target>
			<Target title="bls_unit_test/fast">
				<Option output="/d/skale-consensus/libBLS/bls_unit_test" prefix_auto="0" extension_auto="0"/>
				<Option working_dir="/d/skale-consensus/libBLS"/>
				<Option object_output="./"/>
				<Option type="1"/>
				<Option compiler="gcc"/>
				<Compiler>
					<Add option="-DBLS_VERSION=0.2.0"/>
					<Add directory="/d/skale-consensus/libBLS/deps/deps_inst/x86_or_x64/include"/>
					<Add directory="/d/skale-consensus/deps/include"/>
					<Add directory="/d/skale-consensus/libBLS"/>
				</Compiler>
				<MakeCommands>
					<Build command="/usr/bin/gmake -f &quot;/d/skale-consensus/libBLS/Makefile&quot;  VERBOSE=1 bls_unit_test/fast"/>
					<CompileFile command="/usr/bin/gmake -f &quot;/d/skale-consensus/libBLS/Makefile&quot;  VERBOSE=1 &quot;$file&quot;"/>
					<Clean command="/usr/bin/gmake -f &quot;/d/skale-consensus/libBLS/Makefile&quot;  VERBOSE=1 clean"/>
					<DistClean command="/usr/bin/gmake -f &quot;/d/skale-consensus/libBLS/Makefile&quot;  VERBOSE=1 clean"/>
				</MakeCommands>
			</Target>
			<Target title="dkg_attack">
				<Option output="/d/skale-consensus/libBLS/dkg_attack" prefix_auto="0" extension_auto="0"/>
				<Option working_dir="/d/skale-consensus/libBLS"/>
				<Option object_output="./"/>
				<Option type="1"/>
				<Option compiler="gcc"/>
				<Compiler>
					<Add option="-DBLS_VERSION=0.2.0"/>
					<Add directory="/d/skale-consensus/libBLS/deps/deps_inst/x86_or_x64/include"/>
					<Add directory="/d/skale-consensus/deps/include"/>
					<Add directory="/d/skale-consensus/libBLS"/>
				</Compiler>
				<MakeCommands>
					<Build command="/usr/bin/gmake -f &quot;/d/skale-consensus/libBLS/Makefile&quot;  VERBOSE=1 dkg_attack"/>
					<CompileFile command="/usr/bin/gmake -f &quot;/d/skale-consensus/libBLS/Makefile&quot;  VERBOSE=1 &quot;$file&quot;"/>
					<Clean command="/usr/bin/gmake -f &quot;/d/skale-consensus/libBLS/Makefile&quot;  VERBOSE=1 clean"/>
					<DistClean command="/usr/bin/gmake -f &quot;/d/skale-consensus/libBLS/Makefile&quot;  VERBOSE=1 clean"/>
				</MakeCommands>
			</Target>
			<Target title="dkg_attack/fast">
				<Option output="/d/skale-consensus/libBLS/dkg_attack" prefix_auto="0" extension_auto="0"/>
				<Option working_dir="/d/skale-consensus/libBLS"/>
				<Option object_output="./"/>
				<Option type="1"/>
				<Option compiler="gcc"/>
				<Compiler>
					<Add option="-DBLS_VERSION=0.2.0"/>
					<Add directory="/d/skale-consensus/libBLS/deps/deps_inst/x86_or_x64/include"/>
					<Add directory="/d/skale-consensus/deps/include"/>
					<Add directory="/d/skale-consensus/libBLS"/>
				</Compiler>
				<MakeCommands>
					<Build command="/usr/bin/gmake -f &quot;/d/skale-consensus/libBLS/Makefile&quot;  VERBOSE=1 dkg_attack/fast"/>
					<CompileFile command="/usr/bin/gmake -f &quot;/d/skale-consensus/libBLS/Makefile&quot;  VERBOSE=1 &quot;$file&quot;"/>
					<Clean command="/usr/bin/gmake -f &quot;/d/skale-consensus/libBLS/Makefile&quot;  VERBOSE=1 clean"/>
					<DistClean command="/usr/bin/gmake -f &quot;/d/skale-consensus/libBLS/Makefile&quot;  VERBOSE=1 clean"/>
				</MakeCommands>
			</Target>
			<Target title="all_bls_tests">
				<Option working_dir="/d/skale-consensus/libBLS"/>
				<Option type="4"/>
				<MakeCommands>
					<Build command="/usr/bin/gmake -f &quot;/d/skale-consensus/libBLS/Makefile&quot;  VERBOSE=1 all_bls_tests"/>
					<CompileFile command="/usr/bin/gmake -f &quot;/d/skale-consensus/libBLS/Makefile&quot;  VERBOSE=1 &quot;$file&quot;"/>
					<Clean command="/usr/bin/gmake -f &quot;/d/skale-consensus/libBLS/Makefile&quot;  VERBOSE=1 clean"/>
					<DistClean command="/usr/bin/gmake -f &quot;/d/skale-consensus/libBLS/Makefile&quot;  VERBOSE=1 clean"/>
				</MakeCommands>
			</Target>
			<Target title="bls_test">
				<Option output="/d/skale-consensus/libBLS/bls_test" prefix_auto="0" extension_auto="0"/>
				<Option working_dir="/d/skale-consensus/libBLS"/>
				<Option object_output="./"/>
				<Option type="1"/>
				<Option compiler="gcc"/>
				<Compiler>
					<Add option="-DBLS_VERSION=0.2.0"/>
					<Add directory="/d/skale-consensus/libBLS/deps/deps_inst/x86_or_x64/include"/>
					<Add directory="/d/skale-consensus/deps/include"/>
					<Add directory="/d/skale-consensus/libBLS"/>
				</Compiler>
				<MakeCommands>
					<Build command="/usr/bin/gmake -f &quot;/d/skale-consensus/libBLS/Makefile&quot;  VERBOSE=1 bls_test"/>
					<CompileFile command="/usr/bin/gmake -f &quot;/d/skale-consensus/libBLS/Makefile&quot;  VERBOSE=1 &quot;$file&quot;"/>
					<Clean command="/usr/bin/gmake -f &quot;/d/skale-consensus/libBLS/Makefile&quot;  VERBOSE=1 clean"/>
					<DistClean command="/usr/bin/gmake -f &quot;/d/skale-consensus/libBLS/Makefile&quot;  VERBOSE=1 clean"/>
				</MakeCommands>
			</Target>
			<Target title="bls_test/fast">
				<Option output="/d/skale-consensus/libBLS/bls_test" prefix_auto="0" extension_auto="0"/>
				<Option working_dir="/d/skale-consensus/libBLS"/>
				<Option object_output="./"/>
				<Option type="1"/>
				<Option compiler="gcc"/>
				<Compiler>
					<Add option="-DBLS_VERSION=0.2.0"/>
					<Add directory="/d/skale-consensus/libBLS/deps/deps_inst/x86_or_x64/include"/>
					<Add directory="/d/skale-consensus/deps/include"/>
					<Add directory="/d/skale-consensus/libBLS"/>
				</Compiler>
				<MakeCommands>
					<Build command="/usr/bin/gmake -f &quot;/d/skale-consensus/libBLS/Makefile&quot;  VERBOSE=1 bls_test/fast"/>
					<CompileFile command="/usr/bin/gmake -f &quot;/d/skale-consensus/libBLS/Makefile&quot;  VERBOSE=1 &quot;$file&quot;"/>
					<Clean command="/usr/bin/gmake -f &quot;/d/skale-consensus/libBLS/Makefile&quot;  VERBOSE=1 clean"/>
					<DistClean command="/usr/bin/gmake -f &quot;/d/skale-consensus/libBLS/Makefile&quot;  VERBOSE=1 clean"/>
				</MakeCommands>
			</Target>
			<Target title="generate_key_system">
				<Option output="/d/skale-consensus/libBLS/generate_key_system" prefix_auto="0" extension_auto="0"/>
				<Option working_dir="/d/skale-consensus/libBLS"/>
				<Option object_output="./"/>
				<Option type="1"/>
				<Option compiler="gcc"/>
				<Compiler>
					<Add option="-DBLS_VERSION=0.2.0"/>
					<Add directory="/d/skale-consensus/libBLS/deps/deps_inst/x86_or_x64/include"/>
					<Add directory="/d/skale-consensus/deps/include"/>
					<Add directory="/d/skale-consensus/libBLS"/>
				</Compiler>
				<MakeCommands>
					<Build command="/usr/bin/gmake -f &quot;/d/skale-consensus/libBLS/Makefile&quot;  VERBOSE=1 generate_key_system"/>
					<CompileFile command="/usr/bin/gmake -f &quot;/d/skale-consensus/libBLS/Makefile&quot;  VERBOSE=1 &quot;$file&quot;"/>
					<Clean command="/usr/bin/gmake -f &quot;/d/skale-consensus/libBLS/Makefile&quot;  VERBOSE=1 clean"/>
					<DistClean command="/usr/bin/gmake -f &quot;/d/skale-consensus/libBLS/Makefile&quot;  VERBOSE=1 clean"/>
				</MakeCommands>
			</Target>
			<Target title="generate_key_system/fast">
				<Option output="/d/skale-consensus/libBLS/generate_key_system" prefix_auto="0" extension_auto="0"/>
				<Option working_dir="/d/skale-consensus/libBLS"/>
				<Option object_output="./"/>
				<Option type="1"/>
				<Option compiler="gcc"/>
				<Compiler>
					<Add option="-DBLS_VERSION=0.2.0"/>
					<Add directory="/d/skale-consensus/libBLS/deps/deps_inst/x86_or_x64/include"/>
					<Add directory="/d/skale-consensus/deps/include"/>
					<Add directory="/d/skale-consensus/libBLS"/>
				</Compiler>
				<MakeCommands>
					<Build command="/usr/bin/gmake -f &quot;/d/skale-consensus/libBLS/Makefile&quot;  VERBOSE=1 generate_key_system/fast"/>
					<CompileFile command="/usr/bin/gmake -f &quot;/d/skale-consensus/libBLS/Makefile&quot;  VERBOSE=1 &quot;$file&quot;"/>
					<Clean command="/usr/bin/gmake -f &quot;/d/skale-consensus/libBLS/Makefile&quot;  VERBOSE=1 clean"/>
					<DistClean command="/usr/bin/gmake -f &quot;/d/skale-consensus/libBLS/Makefile&quot;  VERBOSE=1 clean"/>
				</MakeCommands>
			</Target>
			<Target title="bls-format-check">
				<Option working_dir="/d/skale-consensus/libBLS"/>
				<Option type="4"/>
				<MakeCommands>
					<Build command="/usr/bin/gmake -f &quot;/d/skale-consensus/libBLS/Makefile&quot;  VERBOSE=1 bls-format-check"/>
					<CompileFile command="/usr/bin/gmake -f &quot;/d/skale-consensus/libBLS/Makefile&quot;  VERBOSE=1 &quot;$file&quot;"/>
					<Clean command="/usr/bin/gmake -f &quot;/d/skale-consensus/libBLS/Makefile&quot;  VERBOSE=1 clean"/>
					<DistClean command="/usr/bin/gmake -f &quot;/d/skale-consensus/libBLS/Makefile&quot;  VERBOSE=1 clean"/>
				</MakeCommands>
			</Target>
			<Target title="te_sample_sgx">
				<Option output="/d/skale-consensus/libBLS/threshold_encryption/te_sample_sgx" prefix_auto="0" extension_auto="0"/>
				<Option working_dir="/d/skale-consensus/libBLS/threshold_encryption"/>
				<Option object_output="./"/>
				<Option type="1"/>
				<Option compiler="gcc"/>
				<Compiler>
					<Add option="-DBLS_VERSION=0.2.0"/>
					<Add directory="/d/skale-consensus/libBLS/deps/deps_inst/x86_or_x64/include"/>
					<Add directory="/d/skale-consensus/deps/include"/>
					<Add directory="/d/skale-consensus"/>
					<Add directory="/d/skale-consensus/libBLS/threshold_encryption"/>
					<Add directory="/d/skale-consensus/libBLS/threshold_encryption/.."/>
				</Compiler>
				<MakeCommands>
					<Build command="/usr/bin/gmake -f &quot;/d/skale-consensus/libBLS/threshold_encryption/Makefile&quot;  VERBOSE=1 te_sample_sgx"/>
					<CompileFile command="/usr/bin/gmake -f &quot;/d/skale-consensus/libBLS/threshold_encryption/Makefile&quot;  VERBOSE=1 &quot;$file&quot;"/>
					<Clean command="/usr/bin/gmake -f &quot;/d/skale-consensus/libBLS/threshold_encryption/Makefile&quot;  VERBOSE=1 clean"/>
					<DistClean command="/usr/bin/gmake -f &quot;/d/skale-consensus/libBLS/threshold_encryption/Makefile&quot;  VERBOSE=1 clean"/>
				</MakeCommands>
			</Target>
			<Target title="te_sample_sgx/fast">
				<Option output="/d/skale-consensus/libBLS/threshold_encryption/te_sample_sgx" prefix_auto="0" extension_auto="0"/>
				<Option working_dir="/d/skale-consensus/libBLS/threshold_encryption"/>
				<Option object_output="./"/>
				<Option type="1"/>
				<Option compiler="gcc"/>
				<Compiler>
					<Add option="-DBLS_VERSION=0.2.0"/>
					<Add directory="/d/skale-consensus/libBLS/deps/deps_inst/x86_or_x64/include"/>
					<Add directory="/d/skale-consensus/deps/include"/>
					<Add directory="/d/skale-consensus"/>
					<Add directory="/d/skale-consensus/libBLS/threshold_encryption"/>
					<Add directory="/d/skale-consensus/libBLS/threshold_encryption/.."/>
				</Compiler>
				<MakeCommands>
					<Build command="/usr/bin/gmake -f &quot;/d/skale-consensus/libBLS/threshold_encryption/Makefile&quot;  VERBOSE=1 te_sample_sgx/fast"/>
					<CompileFile command="/usr/bin/gmake -f &quot;/d/skale-consensus/libBLS/threshold_encryption/Makefile&quot;  VERBOSE=1 &quot;$file&quot;"/>
					<Clean command="/usr/bin/gmake -f &quot;/d/skale-consensus/libBLS/threshold_encryption/Makefile&quot;  VERBOSE=1 clean"/>
					<DistClean command="/usr/bin/gmake -f &quot;/d/skale-consensus/libBLS/threshold_encryption/Makefile&quot;  VERBOSE=1 clean"/>
				</MakeCommands>
			</Target>
			<Target title="te_unit_test">
				<Option output="/d/skale-consensus/libBLS/threshold_encryption/te_unit_test" prefix_auto="0" extension_auto="0"/>
				<Option working_dir="/d/skale-consensus/libBLS/threshold_encryption"/>
				<Option object_output="./"/>
				<Option type="1"/>
				<Option compiler="gcc"/>
				<Compiler>
					<Add option="-DBLS_VERSION=0.2.0"/>
					<Add directory="/d/skale-consensus/libBLS/deps/deps_inst/x86_or_x64/include"/>
					<Add directory="/d/skale-consensus/deps/include"/>
					<Add directory="/d/skale-consensus"/>
					<Add directory="/d/skale-consensus/libBLS/threshold_encryption"/>
					<Add directory="/d/skale-consensus/libBLS/threshold_encryption/.."/>
				</Compiler>
				<MakeCommands>
					<Build command="/usr/bin/gmake -f &quot;/d/skale-consensus/libBLS/threshold_encryption/Makefile&quot;  VERBOSE=1 te_unit_test"/>
					<CompileFile command="/usr/bin/gmake -f &quot;/d/skale-consensus/libBLS/threshold_encryption/Makefile&quot;  VERBOSE=1 &quot;$file&quot;"/>
					<Clean command="/usr/bin/gmake -f &quot;/d/skale-consensus/libBLS/threshold_encryption/Makefile&quot;  VERBOSE=1 clean"/>
					<DistClean command="/usr/bin/gmake -f &quot;/d/skale-consensus/libBLS/threshold_encryption/Makefile&quot;  VERBOSE=1 clean"/>
				</MakeCommands>
			</Target>
			<Target title="te_unit_test/fast">
				<Option output="/d/skale-consensus/libBLS/threshold_encryption/te_unit_test" prefix_auto="0" extension_auto="0"/>
				<Option working_dir="/d/skale-consensus/libBLS/threshold_encryption"/>
				<Option object_output="./"/>
				<Option type="1"/>
				<Option compiler="gcc"/>
				<Compiler>
					<Add option="-DBLS_VERSION=0.2.0"/>
					<Add directory="/d/skale-consensus/libBLS/deps/deps_inst/x86_or_x64/include"/>
					<Add directory="/d/skale-consensus/deps/include"/>
					<Add directory="/d/skale-consensus"/>
					<Add directory="/d/skale-consensus/libBLS/threshold_encryption"/>
					<Add directory="/d/skale-consensus/libBLS/threshold_encryption/.."/>
				</Compiler>
				<MakeCommands>
					<Build command="/usr/bin/gmake -f &quot;/d/skale-consensus/libBLS/threshold_encryption/Makefile&quot;  VERBOSE=1 te_unit_test/fast"/>
					<CompileFile command="/usr/bin/gmake -f &quot;/d/skale-consensus/libBLS/threshold_encryption/Makefile&quot;  VERBOSE=1 &quot;$file&quot;"/>
					<Clean command="/usr/bin/gmake -f &quot;/d/skale-consensus/libBLS/threshold_encryption/Makefile&quot;  VERBOSE=1 clean"/>
					<DistClean command="/usr/bin/gmake -f &quot;/d/skale-consensus/libBLS/threshold_encryption/Makefile&quot;  VERBOSE=1 clean"/>
				</MakeCommands>
			</Target>
			<Target title="te_test">
				<Option output="/d/skale-consensus/libBLS/threshold_encryption/te_test" prefix_auto="0" extension_auto="0"/>
				<Option working_dir="/d/skale-consensus/libBLS/threshold_encryption"/>
				<Option object_output="./"/>
				<Option type="1"/>
				<Option compiler="gcc"/>
				<Compiler>
					<Add option="-DBLS_VERSION=0.2.0"/>
					<Add directory="/d/skale-consensus/libBLS/deps/deps_inst/x86_or_x64/include"/>
					<Add directory="/d/skale-consensus/deps/include"/>
					<Add directory="/d/skale-consensus"/>
					<Add directory="/d/skale-consensus/libBLS/threshold_encryption"/>
					<Add directory="/d/skale-consensus/libBLS/threshold_encryption/.."/>
				</Compiler>
				<MakeCommands>
					<Build command="/usr/bin/gmake -f &quot;/d/skale-consensus/libBLS/threshold_encryption/Makefile&quot;  VERBOSE=1 te_test"/>
					<CompileFile command="/usr/bin/gmake -f &quot;/d/skale-consensus/libBLS/threshold_encryption/Makefile&quot;  VERBOSE=1 &quot;$file&quot;"/>
					<Clean command="/usr/bin/gmake -f &quot;/d/skale-consensus/libBLS/threshold_encryption/Makefile&quot;  VERBOSE=1 clean"/>
					<DistClean command="/usr/bin/gmake -f &quot;/d/skale-consensus/libBLS/threshold_encryption/Makefile&quot;  VERBOSE=1 clean"/>
				</MakeCommands>
			</Target>
			<Target title="te_test/fast">
				<Option output="/d/skale-consensus/libBLS/threshold_encryption/te_test" prefix_auto="0" extension_auto="0"/>
				<Option working_dir="/d/skale-consensus/libBLS/threshold_encryption"/>
				<Option object_output="./"/>
				<Option type="1"/>
				<Option compiler="gcc"/>
				<Compiler>
					<Add option="-DBLS_VERSION=0.2.0"/>
					<Add directory="/d/skale-consensus/libBLS/deps/deps_inst/x86_or_x64/include"/>
					<Add directory="/d/skale-consensus/deps/include"/>
					<Add directory="/d/skale-consensus"/>
					<Add directory="/d/skale-consensus/libBLS/threshold_encryption"/>
					<Add directory="/d/skale-consensus/libBLS/threshold_encryption/.."/>
				</Compiler>
				<MakeCommands>
					<Build command="/usr/bin/gmake -f &quot;/d/skale-consensus/libBLS/threshold_encryption/Makefile&quot;  VERBOSE=1 te_test/fast"/>
					<CompileFile command="/usr/bin/gmake -f &quot;/d/skale-consensus/libBLS/threshold_encryption/Makefile&quot;  VERBOSE=1 &quot;$file&quot;"/>
					<Clean command="/usr/bin/gmake -f &quot;/d/skale-consensus/libBLS/threshold_encryption/Makefile&quot;  VERBOSE=1 clean"/>
					<DistClean command="/usr/bin/gmake -f &quot;/d/skale-consensus/libBLS/threshold_encryption/Makefile&quot;  VERBOSE=1 clean"/>
				</MakeCommands>
			</Target>
			<Target title="te">
				<Option output="/d/skale-consensus/libBLS/threshold_encryption/libted.a" prefix_auto="0" extension_auto="0"/>
				<Option working_dir="/d/skale-consensus/libBLS/threshold_encryption"/>
				<Option object_output="./"/>
				<Option type="2"/>
				<Option compiler="gcc"/>
				<Compiler>
					<Add option="-DBLS_VERSION=0.2.0"/>
					<Add directory="/d/skale-consensus/libBLS/deps/deps_inst/x86_or_x64/include"/>
					<Add directory="/d/skale-consensus/deps/include"/>
					<Add directory="/d/skale-consensus"/>
					<Add directory="/d/skale-consensus/libBLS/threshold_encryption"/>
					<Add directory="/d/skale-consensus/libBLS/threshold_encryption/.."/>
				</Compiler>
				<MakeCommands>
					<Build command="/usr/bin/gmake -f &quot;/d/skale-consensus/libBLS/threshold_encryption/Makefile&quot;  VERBOSE=1 te"/>
					<CompileFile command="/usr/bin/gmake -f &quot;/d/skale-consensus/libBLS/threshold_encryption/Makefile&quot;  VERBOSE=1 &quot;$file&quot;"/>
					<Clean command="/usr/bin/gmake -f &quot;/d/skale-consensus/libBLS/threshold_encryption/Makefile&quot;  VERBOSE=1 clean"/>
					<DistClean command="/usr/bin/gmake -f &quot;/d/skale-consensus/libBLS/threshold_encryption/Makefile&quot;  VERBOSE=1 clean"/>
				</MakeCommands>
			</Target>
			<Target title="te/fast">
				<Option output="/d/skale-consensus/libBLS/threshold_encryption/libted.a" prefix_auto="0" extension_auto="0"/>
				<Option working_dir="/d/skale-consensus/libBLS/threshold_encryption"/>
				<Option object_output="./"/>
				<Option type="2"/>
				<Option compiler="gcc"/>
				<Compiler>
					<Add option="-DBLS_VERSION=0.2.0"/>
					<Add directory="/d/skale-consensus/libBLS/deps/deps_inst/x86_or_x64/include"/>
					<Add directory="/d/skale-consensus/deps/include"/>
					<Add directory="/d/skale-consensus"/>
					<Add directory="/d/skale-consensus/libBLS/threshold_encryption"/>
					<Add directory="/d/skale-consensus/libBLS/threshold_encryption/.."/>
				</Compiler>
				<MakeCommands>
					<Build command="/usr/bin/gmake -f &quot;/d/skale-consensus/libBLS/threshold_encryption/Makefile&quot;  VERBOSE=1 te/fast"/>
					<CompileFile command="/usr/bin/gmake -f &quot;/d/skale-consensus/libBLS/threshold_encryption/Makefile&quot;  VERBOSE=1 &quot;$file&quot;"/>
					<Clean command="/usr/bin/gmake -f &quot;/d/skale-consensus/libBLS/threshold_encryption/Makefile&quot;  VERBOSE=1 clean"/>
					<DistClean command="/usr/bin/gmake -f &quot;/d/skale-consensus/libBLS/threshold_encryption/Makefile&quot;  VERBOSE=1 clean"/>
				</MakeCommands>
			</Target>
			<Target title="all_te_tests">
				<Option working_dir="/d/skale-consensus/libBLS/threshold_encryption"/>
				<Option type="4"/>
				<MakeCommands>
					<Build command="/usr/bin/gmake -f &quot;/d/skale-consensus/libBLS/threshold_encryption/Makefile&quot;  VERBOSE=1 all_te_tests"/>
					<CompileFile command="/usr/bin/gmake -f &quot;/d/skale-consensus/libBLS/threshold_encryption/Makefile&quot;  VERBOSE=1 &quot;$file&quot;"/>
					<Clean command="/usr/bin/gmake -f &quot;/d/skale-consensus/libBLS/threshold_encryption/Makefile&quot;  VERBOSE=1 clean"/>
					<DistClean command="/usr/bin/gmake -f &quot;/d/skale-consensus/libBLS/threshold_encryption/Makefile&quot;  VERBOSE=1 clean"/>
				</MakeCommands>
			</Target>
		</Build>
		<Unit filename="/d/skale-consensus/libBLS/bls/BLSPrivateKey.cpp">
			<Option target="bls"/>
		</Unit>
		<Unit filename="/d/skale-consensus/libBLS/bls/BLSPrivateKey.h">
			<Option target="bls"/>
		</Unit>
		<Unit filename="/d/skale-consensus/libBLS/bls/BLSPrivateKeyShare.cpp">
			<Option target="bls"/>
		</Unit>
		<Unit filename="/d/skale-consensus/libBLS/bls/BLSPrivateKeyShare.h">
			<Option target="bls"/>
		</Unit>
		<Unit filename="/d/skale-consensus/libBLS/bls/BLSPublicKey.cpp">
			<Option target="bls"/>
		</Unit>
		<Unit filename="/d/skale-consensus/libBLS/bls/BLSPublicKey.h">
			<Option target="bls"/>
		</Unit>
		<Unit filename="/d/skale-consensus/libBLS/bls/BLSPublicKeyShare.cpp">
			<Option target="bls"/>
		</Unit>
		<Unit filename="/d/skale-consensus/libBLS/bls/BLSPublicKeyShare.h">
			<Option target="bls"/>
		</Unit>
		<Unit filename="/d/skale-consensus/libBLS/bls/BLSSigShare.cpp">
			<Option target="bls"/>
		</Unit>
		<Unit filename="/d/skale-consensus/libBLS/bls/BLSSigShare.h">
			<Option target="bls"/>
		</Unit>
		<Unit filename="/d/skale-consensus/libBLS/bls/BLSSigShareSet.cpp">
			<Option target="bls"/>
		</Unit>
		<Unit filename="/d/skale-consensus/libBLS/bls/BLSSigShareSet.h">
			<Option target="bls"/>
		</Unit>
		<Unit filename="/d/skale-consensus/libBLS/bls/BLSSignature.cpp">
			<Option target="bls"/>
		</Unit>
		<Unit filename="/d/skale-consensus/libBLS/bls/BLSSignature.h">
			<Option target="bls"/>
		</Unit>
		<Unit filename="/d/skale-consensus/libBLS/bls/bls.cpp">
			<Option target="bls"/>
		</Unit>
		<Unit filename="/d/skale-consensus/libBLS/bls/bls.h">
			<Option target="bls"/>
		</Unit>
		<Unit filename="/d/skale-consensus/libBLS/dkg/DKGBLSSecret.cpp">
			<Option target="bls"/>
		</Unit>
		<Unit filename="/d/skale-consensus/libBLS/dkg/DKGBLSSecret.h">
			<Option target="bls"/>
		</Unit>
		<Unit filename="/d/skale-consensus/libBLS/dkg/DKGBLSWrapper.cpp">
			<Option target="bls"/>
		</Unit>
		<Unit filename="/d/skale-consensus/libBLS/dkg/DKGBLSWrapper.h">
			<Option target="bls"/>
		</Unit>
		<Unit filename="/d/skale-consensus/libBLS/dkg/DKGTESecret.cpp">
			<Option target="te"/>
		</Unit>
		<Unit filename="/d/skale-consensus/libBLS/dkg/DKGTESecret.h">
			<Option target="te"/>
		</Unit>
		<Unit filename="/d/skale-consensus/libBLS/dkg/DKGTEWrapper.cpp">
			<Option target="te"/>
		</Unit>
		<Unit filename="/d/skale-consensus/libBLS/dkg/DKGTEWrapper.h">
			<Option target="te"/>
		</Unit>
		<Unit filename="/d/skale-consensus/libBLS/dkg/dkg.cpp">
			<Option target="bls"/>
			<Option target="te"/>
		</Unit>
		<Unit filename="/d/skale-consensus/libBLS/dkg/dkg.h">
			<Option target="bls"/>
			<Option target="te"/>
		</Unit>
		<Unit filename="/d/skale-consensus/libBLS/libBLS.h">
			<Option target="bls"/>
		</Unit>
		<Unit filename="/d/skale-consensus/libBLS/test/dkg_attack.cpp">
			<Option target="dkg_attack"/>
		</Unit>
		<Unit filename="/d/skale-consensus/libBLS/test/te_sample_sgx.cpp">
			<Option target="te_sample_sgx"/>
		</Unit>
		<Unit filename="/d/skale-consensus/libBLS/test/test_TE_wrappers.cpp">
			<Option target="te_test"/>
		</Unit>
		<Unit filename="/d/skale-consensus/libBLS/test/test_bls.cpp">
			<Option target="bls_test"/>
		</Unit>
		<Unit filename="/d/skale-consensus/libBLS/test/unit_tests_bls.cpp">
			<Option target="bls_unit_test"/>
		</Unit>
		<Unit filename="/d/skale-consensus/libBLS/test/unit_tests_dkg.cpp">
			<Option target="dkg_unit_test"/>
		</Unit>
		<Unit filename="/d/skale-consensus/libBLS/test/unit_tests_te.cpp">
			<Option target="te_unit_test"/>
		</Unit>
		<Unit filename="/d/skale-consensus/libBLS/test/unit_tests_utils.cpp">
			<Option target="utils_unit_test"/>
		</Unit>
		<Unit filename="/d/skale-consensus/libBLS/third_party/cryptlite/base64.cpp">
			<Option target="bls"/>
		</Unit>
		<Unit filename="/d/skale-consensus/libBLS/third_party/cryptlite/base64.h">
			<Option target="bls"/>
		</Unit>
		<Unit filename="/d/skale-consensus/libBLS/third_party/cryptlite/hmac.h">
			<Option target="bls"/>
		</Unit>
		<Unit filename="/d/skale-consensus/libBLS/third_party/cryptlite/sha1.h">
			<Option target="bls"/>
		</Unit>
		<Unit filename="/d/skale-consensus/libBLS/third_party/cryptlite/sha256.h">
			<Option target="bls"/>
		</Unit>
		<Unit filename="/d/skale-consensus/libBLS/third_party/json.hpp">
			<Option target="bls"/>
		</Unit>
		<Unit filename="/d/skale-consensus/libBLS/threshold_encryption/TEDecryptSet.cpp">
			<Option target="te"/>
		</Unit>
		<Unit filename="/d/skale-consensus/libBLS/threshold_encryption/TEDecryptSet.h">
			<Option target="te"/>
		</Unit>
		<Unit filename="/d/skale-consensus/libBLS/threshold_encryption/TEPrivateKey.cpp">
			<Option target="te"/>
		</Unit>
		<Unit filename="/d/skale-consensus/libBLS/threshold_encryption/TEPrivateKey.h">
			<Option target="te"/>
		</Unit>
		<Unit filename="/d/skale-consensus/libBLS/threshold_encryption/TEPrivateKeyShare.cpp">
			<Option target="te"/>
		</Unit>
		<Unit filename="/d/skale-consensus/libBLS/threshold_encryption/TEPrivateKeyShare.h">
			<Option target="te"/>
		</Unit>
		<Unit filename="/d/skale-consensus/libBLS/threshold_encryption/TEPublicKey.cpp">
			<Option target="te"/>
		</Unit>
		<Unit filename="/d/skale-consensus/libBLS/threshold_encryption/TEPublicKey.h">
			<Option target="te"/>
		</Unit>
		<Unit filename="/d/skale-consensus/libBLS/threshold_encryption/TEPublicKeyShare.cpp">
			<Option target="te"/>
		</Unit>
		<Unit filename="/d/skale-consensus/libBLS/threshold_encryption/TEPublicKeyShare.h">
			<Option target="te"/>
		</Unit>
		<Unit filename="/d/skale-consensus/libBLS/threshold_encryption/threshold_encryption.cpp">
			<Option target="te"/>
		</Unit>
		<Unit filename="/d/skale-consensus/libBLS/threshold_encryption/threshold_encryption.h">
			<Option target="te"/>
		</Unit>
		<Unit filename="/d/skale-consensus/libBLS/tools/bls_glue.cpp">
			<Option target="bls_glue"/>
		</Unit>
		<Unit filename="/d/skale-consensus/libBLS/tools/dkg_glue.cpp">
			<Option target="dkg_glue"/>
		</Unit>
		<Unit filename="/d/skale-consensus/libBLS/tools/dkg_key_gen.cpp">
			<Option target="dkg_keygen"/>
		</Unit>
		<Unit filename="/d/skale-consensus/libBLS/tools/generate_key_system.cpp">
			<Option target="generate_key_system"/>
		</Unit>
		<Unit filename="/d/skale-consensus/libBLS/tools/hash_g1.cpp">
			<Option target="hash_g1"/>
		</Unit>
		<Unit filename="/d/skale-consensus/libBLS/tools/sign_bls.cpp">
			<Option target="sign_bls"/>
		</Unit>
		<Unit filename="/d/skale-consensus/libBLS/tools/utils.cpp">
			<Option target="bls"/>
			<Option target="te"/>
		</Unit>
		<Unit filename="/d/skale-consensus/libBLS/tools/utils.h">
			<Option target="bls"/>
			<Option target="te"/>
		</Unit>
		<Unit filename="/d/skale-consensus/libBLS/tools/verify_bls.cpp">
			<Option target="verify_bls"/>
		</Unit>
		<Unit filename="/d/skale-consensus/CMakeLists.txt">
			<Option virtualFolder="CMake Files\"/>
		</Unit>
		<Unit filename="/d/skale-consensus/cmake/HunterGate.cmake">
			<Option virtualFolder="CMake Files\cmake\"/>
		</Unit>
		<Unit filename="/d/skale-consensus/cmake/precompiledheader.cmake">
			<Option virtualFolder="CMake Files\cmake\"/>
		</Unit>
		<Unit filename="/d/skale-consensus/../../home/kladko/.hunter/_Base/Download/Hunter/0.23.76/c7b6099/Unpacked/cmake/Hunter">
			<Option virtualFolder="CMake Files\..\..\home\kladko\.hunter\_Base\Download\Hunter\0.23.76\c7b6099\Unpacked\cmake\"/>
		</Unit>
		<Unit filename="/d/skale-consensus/../../home/kladko/.hunter/_Base/Download/Hunter/0.23.76/c7b6099/Unpacked/cmake/modules/hunter_add_package.cmake">
			<Option virtualFolder="CMake Files\..\..\home\kladko\.hunter\_Base\Download\Hunter\0.23.76\c7b6099\Unpacked\cmake\modules\"/>
		</Unit>
		<Unit filename="/d/skale-consensus/../../home/kladko/.hunter/_Base/Download/Hunter/0.23.76/c7b6099/Unpacked/cmake/modules/hunter_add_version.cmake">
			<Option virtualFolder="CMake Files\..\..\home\kladko\.hunter\_Base\Download\Hunter\0.23.76\c7b6099\Unpacked\cmake\modules\"/>
		</Unit>
		<Unit filename="/d/skale-consensus/../../home/kladko/.hunter/_Base/Download/Hunter/0.23.76/c7b6099/Unpacked/cmake/modules/hunter_apply_copy_rules.cmake">
			<Option virtualFolder="CMake Files\..\..\home\kladko\.hunter\_Base\Download\Hunter\0.23.76\c7b6099\Unpacked\cmake\modules\"/>
		</Unit>
		<Unit filename="/d/skale-consensus/../../home/kladko/.hunter/_Base/Download/Hunter/0.23.76/c7b6099/Unpacked/cmake/modules/hunter_apply_gate_settings.cmake">
			<Option virtualFolder="CMake Files\..\..\home\kladko\.hunter\_Base\Download\Hunter\0.23.76\c7b6099\Unpacked\cmake\modules\"/>
		</Unit>
		<Unit filename="/d/skale-consensus/../../home/kladko/.hunter/_Base/Download/Hunter/0.23.76/c7b6099/Unpacked/cmake/modules/hunter_assert_empty_string.cmake">
			<Option virtualFolder="CMake Files\..\..\home\kladko\.hunter\_Base\Download\Hunter\0.23.76\c7b6099\Unpacked\cmake\modules\"/>
		</Unit>
		<Unit filename="/d/skale-consensus/../../home/kladko/.hunter/_Base/Download/Hunter/0.23.76/c7b6099/Unpacked/cmake/modules/hunter_assert_not_empty_string.cmake">
			<Option virtualFolder="CMake Files\..\..\home\kladko\.hunter\_Base\Download\Hunter\0.23.76\c7b6099\Unpacked\cmake\modules\"/>
		</Unit>
		<Unit filename="/d/skale-consensus/../../home/kladko/.hunter/_Base/Download/Hunter/0.23.76/c7b6099/Unpacked/cmake/modules/hunter_cache_run.cmake">
			<Option virtualFolder="CMake Files\..\..\home\kladko\.hunter\_Base\Download\Hunter\0.23.76\c7b6099\Unpacked\cmake\modules\"/>
		</Unit>
		<Unit filename="/d/skale-consensus/../../home/kladko/.hunter/_Base/Download/Hunter/0.23.76/c7b6099/Unpacked/cmake/modules/hunter_cache_server_password.cmake">
			<Option virtualFolder="CMake Files\..\..\home\kladko\.hunter\_Base\Download\Hunter\0.23.76\c7b6099\Unpacked\cmake\modules\"/>
		</Unit>
		<Unit filename="/d/skale-consensus/../../home/kladko/.hunter/_Base/Download/Hunter/0.23.76/c7b6099/Unpacked/cmake/modules/hunter_cacheable.cmake">
			<Option virtualFolder="CMake Files\..\..\home\kladko\.hunter\_Base\Download\Hunter\0.23.76\c7b6099\Unpacked\cmake\modules\"/>
		</Unit>
		<Unit filename="/d/skale-consensus/../../home/kladko/.hunter/_Base/Download/Hunter/0.23.76/c7b6099/Unpacked/cmake/modules/hunter_calculate_config_sha1.cmake">
			<Option virtualFolder="CMake Files\..\..\home\kladko\.hunter\_Base\Download\Hunter\0.23.76\c7b6099\Unpacked\cmake\modules\"/>
		</Unit>
		<Unit filename="/d/skale-consensus/../../home/kladko/.hunter/_Base/Download/Hunter/0.23.76/c7b6099/Unpacked/cmake/modules/hunter_calculate_self.cmake">
			<Option virtualFolder="CMake Files\..\..\home\kladko\.hunter\_Base\Download\Hunter\0.23.76\c7b6099\Unpacked\cmake\modules\"/>
		</Unit>
		<Unit filename="/d/skale-consensus/../../home/kladko/.hunter/_Base/Download/Hunter/0.23.76/c7b6099/Unpacked/cmake/modules/hunter_calculate_toolchain_sha1.cmake">
			<Option virtualFolder="CMake Files\..\..\home\kladko\.hunter\_Base\Download\Hunter\0.23.76\c7b6099\Unpacked\cmake\modules\"/>
		</Unit>
		<Unit filename="/d/skale-consensus/../../home/kladko/.hunter/_Base/Download/Hunter/0.23.76/c7b6099/Unpacked/cmake/modules/hunter_check_download_error_message.cmake">
			<Option virtualFolder="CMake Files\..\..\home\kladko\.hunter\_Base\Download\Hunter\0.23.76\c7b6099\Unpacked\cmake\modules\"/>
		</Unit>
		<Unit filename="/d/skale-consensus/../../home/kladko/.hunter/_Base/Download/Hunter/0.23.76/c7b6099/Unpacked/cmake/modules/hunter_check_flush_needed.cmake">
			<Option virtualFolder="CMake Files\..\..\home\kladko\.hunter\_Base\Download\Hunter\0.23.76\c7b6099\Unpacked\cmake\modules\"/>
		</Unit>
		<Unit filename="/d/skale-consensus/../../home/kladko/.hunter/_Base/Download/Hunter/0.23.76/c7b6099/Unpacked/cmake/modules/hunter_cmake_args.cmake">
			<Option virtualFolder="CMake Files\..\..\home\kladko\.hunter\_Base\Download\Hunter\0.23.76\c7b6099\Unpacked\cmake\modules\"/>
		</Unit>
		<Unit filename="/d/skale-consensus/../../home/kladko/.hunter/_Base/Download/Hunter/0.23.76/c7b6099/Unpacked/cmake/modules/hunter_config.cmake">
			<Option virtualFolder="CMake Files\..\..\home\kladko\.hunter\_Base\Download\Hunter\0.23.76\c7b6099\Unpacked\cmake\modules\"/>
		</Unit>
		<Unit filename="/d/skale-consensus/../../home/kladko/.hunter/_Base/Download/Hunter/0.23.76/c7b6099/Unpacked/cmake/modules/hunter_create_args_file.cmake">
			<Option virtualFolder="CMake Files\..\..\home\kladko\.hunter\_Base\Download\Hunter\0.23.76\c7b6099\Unpacked\cmake\modules\"/>
		</Unit>
		<Unit filename="/d/skale-consensus/../../home/kladko/.hunter/_Base/Download/Hunter/0.23.76/c7b6099/Unpacked/cmake/modules/hunter_create_cache_file.cmake">
			<Option virtualFolder="CMake Files\..\..\home\kladko\.hunter\_Base\Download\Hunter\0.23.76\c7b6099\Unpacked\cmake\modules\"/>
		</Unit>
		<Unit filename="/d/skale-consensus/../../home/kladko/.hunter/_Base/Download/Hunter/0.23.76/c7b6099/Unpacked/cmake/modules/hunter_create_cache_meta_directory.cmake">
			<Option virtualFolder="CMake Files\..\..\home\kladko\.hunter\_Base\Download\Hunter\0.23.76\c7b6099\Unpacked\cmake\modules\"/>
		</Unit>
		<Unit filename="/d/skale-consensus/../../home/kladko/.hunter/_Base/Download/Hunter/0.23.76/c7b6099/Unpacked/cmake/modules/hunter_create_dependency_entry.cmake">
			<Option virtualFolder="CMake Files\..\..\home\kladko\.hunter\_Base\Download\Hunter\0.23.76\c7b6099\Unpacked\cmake\modules\"/>
		</Unit>
		<Unit filename="/d/skale-consensus/../../home/kladko/.hunter/_Base/Download/Hunter/0.23.76/c7b6099/Unpacked/cmake/modules/hunter_create_deps_info.cmake">
			<Option virtualFolder="CMake Files\..\..\home\kladko\.hunter\_Base\Download\Hunter\0.23.76\c7b6099\Unpacked\cmake\modules\"/>
		</Unit>
		<Unit filename="/d/skale-consensus/../../home/kladko/.hunter/_Base/Download/Hunter/0.23.76/c7b6099/Unpacked/cmake/modules/hunter_default_version.cmake">
			<Option virtualFolder="CMake Files\..\..\home\kladko\.hunter\_Base\Download\Hunter\0.23.76\c7b6099\Unpacked\cmake\modules\"/>
		</Unit>
		<Unit filename="/d/skale-consensus/../../home/kladko/.hunter/_Base/Download/Hunter/0.23.76/c7b6099/Unpacked/cmake/modules/hunter_download.cmake">
			<Option virtualFolder="CMake Files\..\..\home\kladko\.hunter\_Base\Download\Hunter\0.23.76\c7b6099\Unpacked\cmake\modules\"/>
		</Unit>
		<Unit filename="/d/skale-consensus/../../home/kladko/.hunter/_Base/Download/Hunter/0.23.76/c7b6099/Unpacked/cmake/modules/hunter_download_cache_meta_file.cmake">
			<Option virtualFolder="CMake Files\..\..\home\kladko\.hunter\_Base\Download\Hunter\0.23.76\c7b6099\Unpacked\cmake\modules\"/>
		</Unit>
		<Unit filename="/d/skale-consensus/../../home/kladko/.hunter/_Base/Download/Hunter/0.23.76/c7b6099/Unpacked/cmake/modules/hunter_download_cache_raw_file.cmake">
			<Option virtualFolder="CMake Files\..\..\home\kladko\.hunter\_Base\Download\Hunter\0.23.76\c7b6099\Unpacked\cmake\modules\"/>
		</Unit>
		<Unit filename="/d/skale-consensus/../../home/kladko/.hunter/_Base/Download/Hunter/0.23.76/c7b6099/Unpacked/cmake/modules/hunter_download_server_url.cmake">
			<Option virtualFolder="CMake Files\..\..\home\kladko\.hunter\_Base\Download\Hunter\0.23.76\c7b6099\Unpacked\cmake\modules\"/>
		</Unit>
		<Unit filename="/d/skale-consensus/../../home/kladko/.hunter/_Base/Download/Hunter/0.23.76/c7b6099/Unpacked/cmake/modules/hunter_fatal_error.cmake">
			<Option virtualFolder="CMake Files\..\..\home\kladko\.hunter\_Base\Download\Hunter\0.23.76\c7b6099\Unpacked\cmake\modules\"/>
		</Unit>
		<Unit filename="/d/skale-consensus/../../home/kladko/.hunter/_Base/Download/Hunter/0.23.76/c7b6099/Unpacked/cmake/modules/hunter_final_config.cmake">
			<Option virtualFolder="CMake Files\..\..\home\kladko\.hunter\_Base\Download\Hunter\0.23.76\c7b6099\Unpacked\cmake\modules\"/>
		</Unit>
		<Unit filename="/d/skale-consensus/../../home/kladko/.hunter/_Base/Download/Hunter/0.23.76/c7b6099/Unpacked/cmake/modules/hunter_finalize.cmake">
			<Option virtualFolder="CMake Files\..\..\home\kladko\.hunter\_Base\Download\Hunter\0.23.76\c7b6099\Unpacked\cmake\modules\"/>
		</Unit>
		<Unit filename="/d/skale-consensus/../../home/kladko/.hunter/_Base/Download/Hunter/0.23.76/c7b6099/Unpacked/cmake/modules/hunter_find_licenses.cmake">
			<Option virtualFolder="CMake Files\..\..\home\kladko\.hunter\_Base\Download\Hunter\0.23.76\c7b6099\Unpacked\cmake\modules\"/>
		</Unit>
		<Unit filename="/d/skale-consensus/../../home/kladko/.hunter/_Base/Download/Hunter/0.23.76/c7b6099/Unpacked/cmake/modules/hunter_find_stamps.cmake">
			<Option virtualFolder="CMake Files\..\..\home\kladko\.hunter\_Base\Download\Hunter\0.23.76\c7b6099\Unpacked\cmake\modules\"/>
		</Unit>
		<Unit filename="/d/skale-consensus/../../home/kladko/.hunter/_Base/Download/Hunter/0.23.76/c7b6099/Unpacked/cmake/modules/hunter_flush_cache_variables.cmake">
			<Option virtualFolder="CMake Files\..\..\home\kladko\.hunter\_Base\Download\Hunter\0.23.76\c7b6099\Unpacked\cmake\modules\"/>
		</Unit>
		<Unit filename="/d/skale-consensus/../../home/kladko/.hunter/_Base/Download/Hunter/0.23.76/c7b6099/Unpacked/cmake/modules/hunter_get_cacheable.cmake">
			<Option virtualFolder="CMake Files\..\..\home\kladko\.hunter\_Base\Download\Hunter\0.23.76\c7b6099\Unpacked\cmake\modules\"/>
		</Unit>
		<Unit filename="/d/skale-consensus/../../home/kladko/.hunter/_Base/Download/Hunter/0.23.76/c7b6099/Unpacked/cmake/modules/hunter_get_cmake_args.cmake">
			<Option virtualFolder="CMake Files\..\..\home\kladko\.hunter\_Base\Download\Hunter\0.23.76\c7b6099\Unpacked\cmake\modules\"/>
		</Unit>
		<Unit filename="/d/skale-consensus/../../home/kladko/.hunter/_Base/Download/Hunter/0.23.76/c7b6099/Unpacked/cmake/modules/hunter_get_configuration_types.cmake">
			<Option virtualFolder="CMake Files\..\..\home\kladko\.hunter\_Base\Download\Hunter\0.23.76\c7b6099\Unpacked\cmake\modules\"/>
		</Unit>
		<Unit filename="/d/skale-consensus/../../home/kladko/.hunter/_Base/Download/Hunter/0.23.76/c7b6099/Unpacked/cmake/modules/hunter_get_git_executable.cmake">
			<Option virtualFolder="CMake Files\..\..\home\kladko\.hunter\_Base\Download\Hunter\0.23.76\c7b6099\Unpacked\cmake\modules\"/>
		</Unit>
		<Unit filename="/d/skale-consensus/../../home/kladko/.hunter/_Base/Download/Hunter/0.23.76/c7b6099/Unpacked/cmake/modules/hunter_get_keep_package_sources.cmake">
			<Option virtualFolder="CMake Files\..\..\home\kladko\.hunter\_Base\Download\Hunter\0.23.76\c7b6099\Unpacked\cmake\modules\"/>
		</Unit>
		<Unit filename="/d/skale-consensus/../../home/kladko/.hunter/_Base/Download/Hunter/0.23.76/c7b6099/Unpacked/cmake/modules/hunter_get_package_deps.cmake">
			<Option virtualFolder="CMake Files\..\..\home\kladko\.hunter\_Base\Download\Hunter\0.23.76\c7b6099\Unpacked\cmake\modules\"/>
		</Unit>
		<Unit filename="/d/skale-consensus/../../home/kladko/.hunter/_Base/Download/Hunter/0.23.76/c7b6099/Unpacked/cmake/modules/hunter_get_package_deps_recurse.cmake">
			<Option virtualFolder="CMake Files\..\..\home\kladko\.hunter\_Base\Download\Hunter\0.23.76\c7b6099\Unpacked\cmake\modules\"/>
		</Unit>
		<Unit filename="/d/skale-consensus/../../home/kladko/.hunter/_Base/Download/Hunter/0.23.76/c7b6099/Unpacked/cmake/modules/hunter_get_package_sha1.cmake">
			<Option virtualFolder="CMake Files\..\..\home\kladko\.hunter\_Base\Download\Hunter\0.23.76\c7b6099\Unpacked\cmake\modules\"/>
		</Unit>
		<Unit filename="/d/skale-consensus/../../home/kladko/.hunter/_Base/Download/Hunter/0.23.76/c7b6099/Unpacked/cmake/modules/hunter_get_package_url.cmake">
			<Option virtualFolder="CMake Files\..\..\home\kladko\.hunter\_Base\Download\Hunter\0.23.76\c7b6099\Unpacked\cmake\modules\"/>
		</Unit>
		<Unit filename="/d/skale-consensus/../../home/kladko/.hunter/_Base/Download/Hunter/0.23.76/c7b6099/Unpacked/cmake/modules/hunter_get_passwords_path.cmake">
			<Option virtualFolder="CMake Files\..\..\home\kladko\.hunter\_Base\Download\Hunter\0.23.76\c7b6099\Unpacked\cmake\modules\"/>
		</Unit>
		<Unit filename="/d/skale-consensus/../../home/kladko/.hunter/_Base/Download/Hunter/0.23.76/c7b6099/Unpacked/cmake/modules/hunter_get_project_files_to_load.cmake">
			<Option virtualFolder="CMake Files\..\..\home\kladko\.hunter\_Base\Download\Hunter\0.23.76\c7b6099\Unpacked\cmake\modules\"/>
		</Unit>
		<Unit filename="/d/skale-consensus/../../home/kladko/.hunter/_Base/Download/Hunter/0.23.76/c7b6099/Unpacked/cmake/modules/hunter_http_password.cmake">
			<Option virtualFolder="CMake Files\..\..\home\kladko\.hunter\_Base\Download\Hunter\0.23.76\c7b6099\Unpacked\cmake\modules\"/>
		</Unit>
		<Unit filename="/d/skale-consensus/../../home/kladko/.hunter/_Base/Download/Hunter/0.23.76/c7b6099/Unpacked/cmake/modules/hunter_init_not_found_counter.cmake">
			<Option virtualFolder="CMake Files\..\..\home\kladko\.hunter\_Base\Download\Hunter\0.23.76\c7b6099\Unpacked\cmake\modules\"/>
		</Unit>
		<Unit filename="/d/skale-consensus/../../home/kladko/.hunter/_Base/Download/Hunter/0.23.76/c7b6099/Unpacked/cmake/modules/hunter_initialize.cmake">
			<Option virtualFolder="CMake Files\..\..\home\kladko\.hunter\_Base\Download\Hunter\0.23.76\c7b6099\Unpacked\cmake\modules\"/>
		</Unit>
		<Unit filename="/d/skale-consensus/../../home/kladko/.hunter/_Base/Download/Hunter/0.23.76/c7b6099/Unpacked/cmake/modules/hunter_internal_error.cmake">
			<Option virtualFolder="CMake Files\..\..\home\kladko\.hunter\_Base\Download\Hunter\0.23.76\c7b6099\Unpacked\cmake\modules\"/>
		</Unit>
		<Unit filename="/d/skale-consensus/../../home/kladko/.hunter/_Base/Download/Hunter/0.23.76/c7b6099/Unpacked/cmake/modules/hunter_jobs_number.cmake">
			<Option virtualFolder="CMake Files\..\..\home\kladko\.hunter\_Base\Download\Hunter\0.23.76\c7b6099\Unpacked\cmake\modules\"/>
		</Unit>
		<Unit filename="/d/skale-consensus/../../home/kladko/.hunter/_Base/Download/Hunter/0.23.76/c7b6099/Unpacked/cmake/modules/hunter_load_from_cache.cmake">
			<Option virtualFolder="CMake Files\..\..\home\kladko\.hunter\_Base\Download\Hunter\0.23.76\c7b6099\Unpacked\cmake\modules\"/>
		</Unit>
		<Unit filename="/d/skale-consensus/../../home/kladko/.hunter/_Base/Download/Hunter/0.23.76/c7b6099/Unpacked/cmake/modules/hunter_lock_directory.cmake">
			<Option virtualFolder="CMake Files\..\..\home\kladko\.hunter\_Base\Download\Hunter\0.23.76\c7b6099\Unpacked\cmake\modules\"/>
		</Unit>
		<Unit filename="/d/skale-consensus/../../home/kladko/.hunter/_Base/Download/Hunter/0.23.76/c7b6099/Unpacked/cmake/modules/hunter_make_directory.cmake">
			<Option virtualFolder="CMake Files\..\..\home\kladko\.hunter\_Base\Download\Hunter\0.23.76\c7b6099\Unpacked\cmake\modules\"/>
		</Unit>
		<Unit filename="/d/skale-consensus/../../home/kladko/.hunter/_Base/Download/Hunter/0.23.76/c7b6099/Unpacked/cmake/modules/hunter_pack_directory.cmake">
			<Option virtualFolder="CMake Files\..\..\home\kladko\.hunter\_Base\Download\Hunter\0.23.76\c7b6099\Unpacked\cmake\modules\"/>
		</Unit>
		<Unit filename="/d/skale-consensus/../../home/kladko/.hunter/_Base/Download/Hunter/0.23.76/c7b6099/Unpacked/cmake/modules/hunter_pack_git_self.cmake">
			<Option virtualFolder="CMake Files\..\..\home\kladko\.hunter\_Base\Download\Hunter\0.23.76\c7b6099\Unpacked\cmake\modules\"/>
		</Unit>
		<Unit filename="/d/skale-consensus/../../home/kladko/.hunter/_Base/Download/Hunter/0.23.76/c7b6099/Unpacked/cmake/modules/hunter_pack_git_submodule.cmake">
			<Option virtualFolder="CMake Files\..\..\home\kladko\.hunter\_Base\Download\Hunter\0.23.76\c7b6099\Unpacked\cmake\modules\"/>
		</Unit>
		<Unit filename="/d/skale-consensus/../../home/kladko/.hunter/_Base/Download/Hunter/0.23.76/c7b6099/Unpacked/cmake/modules/hunter_parse_cmake_args_for_keyword.cmake">
			<Option virtualFolder="CMake Files\..\..\home\kladko\.hunter\_Base\Download\Hunter\0.23.76\c7b6099\Unpacked\cmake\modules\"/>
		</Unit>
		<Unit filename="/d/skale-consensus/../../home/kladko/.hunter/_Base/Download/Hunter/0.23.76/c7b6099/Unpacked/cmake/modules/hunter_patch_unrelocatable_text_files.cmake">
			<Option virtualFolder="CMake Files\..\..\home\kladko\.hunter\_Base\Download\Hunter\0.23.76\c7b6099\Unpacked\cmake\modules\"/>
		</Unit>
		<Unit filename="/d/skale-consensus/../../home/kladko/.hunter/_Base/Download/Hunter/0.23.76/c7b6099/Unpacked/cmake/modules/hunter_pick_scheme.cmake">
			<Option virtualFolder="CMake Files\..\..\home\kladko\.hunter\_Base\Download\Hunter\0.23.76\c7b6099\Unpacked\cmake\modules\"/>
		</Unit>
		<Unit filename="/d/skale-consensus/../../home/kladko/.hunter/_Base/Download/Hunter/0.23.76/c7b6099/Unpacked/cmake/modules/hunter_print_cmd.cmake">
			<Option virtualFolder="CMake Files\..\..\home\kladko\.hunter\_Base\Download\Hunter\0.23.76\c7b6099\Unpacked\cmake\modules\"/>
		</Unit>
		<Unit filename="/d/skale-consensus/../../home/kladko/.hunter/_Base/Download/Hunter/0.23.76/c7b6099/Unpacked/cmake/modules/hunter_private_data.cmake">
			<Option virtualFolder="CMake Files\..\..\home\kladko\.hunter\_Base\Download\Hunter\0.23.76\c7b6099\Unpacked\cmake\modules\"/>
		</Unit>
		<Unit filename="/d/skale-consensus/../../home/kladko/.hunter/_Base/Download/Hunter/0.23.76/c7b6099/Unpacked/cmake/modules/hunter_private_data_password.cmake">
			<Option virtualFolder="CMake Files\..\..\home\kladko\.hunter\_Base\Download\Hunter\0.23.76\c7b6099\Unpacked\cmake\modules\"/>
		</Unit>
		<Unit filename="/d/skale-consensus/../../home/kladko/.hunter/_Base/Download/Hunter/0.23.76/c7b6099/Unpacked/cmake/modules/hunter_read_http_credentials.cmake">
			<Option virtualFolder="CMake Files\..\..\home\kladko\.hunter\_Base\Download\Hunter\0.23.76\c7b6099\Unpacked\cmake\modules\"/>
		</Unit>
		<Unit filename="/d/skale-consensus/../../home/kladko/.hunter/_Base/Download/Hunter/0.23.76/c7b6099/Unpacked/cmake/modules/hunter_register_dependency.cmake">
			<Option virtualFolder="CMake Files\..\..\home\kladko\.hunter\_Base\Download\Hunter\0.23.76\c7b6099\Unpacked\cmake\modules\"/>
		</Unit>
		<Unit filename="/d/skale-consensus/../../home/kladko/.hunter/_Base/Download/Hunter/0.23.76/c7b6099/Unpacked/cmake/modules/hunter_sanity_checks.cmake">
			<Option virtualFolder="CMake Files\..\..\home\kladko\.hunter\_Base\Download\Hunter\0.23.76\c7b6099\Unpacked\cmake\modules\"/>
		</Unit>
		<Unit filename="/d/skale-consensus/../../home/kladko/.hunter/_Base/Download/Hunter/0.23.76/c7b6099/Unpacked/cmake/modules/hunter_save_to_cache.cmake">
			<Option virtualFolder="CMake Files\..\..\home\kladko\.hunter\_Base\Download\Hunter\0.23.76\c7b6099\Unpacked\cmake\modules\"/>
		</Unit>
		<Unit filename="/d/skale-consensus/../../home/kladko/.hunter/_Base/Download/Hunter/0.23.76/c7b6099/Unpacked/cmake/modules/hunter_set_config_location.cmake">
			<Option virtualFolder="CMake Files\..\..\home\kladko\.hunter\_Base\Download\Hunter\0.23.76\c7b6099\Unpacked\cmake\modules\"/>
		</Unit>
		<Unit filename="/d/skale-consensus/../../home/kladko/.hunter/_Base/Download/Hunter/0.23.76/c7b6099/Unpacked/cmake/modules/hunter_sleep_before_download.cmake">
			<Option virtualFolder="CMake Files\..\..\home\kladko\.hunter\_Base\Download\Hunter\0.23.76\c7b6099\Unpacked\cmake\modules\"/>
		</Unit>
		<Unit filename="/d/skale-consensus/../../home/kladko/.hunter/_Base/Download/Hunter/0.23.76/c7b6099/Unpacked/cmake/modules/hunter_status_debug.cmake">
			<Option virtualFolder="CMake Files\..\..\home\kladko\.hunter\_Base\Download\Hunter\0.23.76\c7b6099\Unpacked\cmake\modules\"/>
		</Unit>
		<Unit filename="/d/skale-consensus/../../home/kladko/.hunter/_Base/Download/Hunter/0.23.76/c7b6099/Unpacked/cmake/modules/hunter_status_print.cmake">
			<Option virtualFolder="CMake Files\..\..\home\kladko\.hunter\_Base\Download\Hunter\0.23.76\c7b6099\Unpacked\cmake\modules\"/>
		</Unit>
		<Unit filename="/d/skale-consensus/../../home/kladko/.hunter/_Base/Download/Hunter/0.23.76/c7b6099/Unpacked/cmake/modules/hunter_step_into_unpacked_directory.cmake">
			<Option virtualFolder="CMake Files\..\..\home\kladko\.hunter\_Base\Download\Hunter\0.23.76\c7b6099\Unpacked\cmake\modules\"/>
		</Unit>
		<Unit filename="/d/skale-consensus/../../home/kladko/.hunter/_Base/Download/Hunter/0.23.76/c7b6099/Unpacked/cmake/modules/hunter_unpack_directory.cmake">
			<Option virtualFolder="CMake Files\..\..\home\kladko\.hunter\_Base\Download\Hunter\0.23.76\c7b6099\Unpacked\cmake\modules\"/>
		</Unit>
		<Unit filename="/d/skale-consensus/../../home/kladko/.hunter/_Base/Download/Hunter/0.23.76/c7b6099/Unpacked/cmake/modules/hunter_unsetvar.cmake">
			<Option virtualFolder="CMake Files\..\..\home\kladko\.hunter\_Base\Download\Hunter\0.23.76\c7b6099\Unpacked\cmake\modules\"/>
		</Unit>
		<Unit filename="/d/skale-consensus/../../home/kladko/.hunter/_Base/Download/Hunter/0.23.76/c7b6099/Unpacked/cmake/modules/hunter_upload_cache.cmake">
			<Option virtualFolder="CMake Files\..\..\home\kladko\.hunter\_Base\Download\Hunter\0.23.76\c7b6099\Unpacked\cmake\modules\"/>
		</Unit>
		<Unit filename="/d/skale-consensus/../../home/kladko/.hunter/_Base/Download/Hunter/0.23.76/c7b6099/Unpacked/cmake/modules/hunter_upload_password.cmake">
			<Option virtualFolder="CMake Files\..\..\home\kladko\.hunter\_Base\Download\Hunter\0.23.76\c7b6099\Unpacked\cmake\modules\"/>
		</Unit>
		<Unit filename="/d/skale-consensus/../../home/kladko/.hunter/_Base/Download/Hunter/0.23.76/c7b6099/Unpacked/cmake/modules/hunter_upload_single_file.cmake">
			<Option virtualFolder="CMake Files\..\..\home\kladko\.hunter\_Base\Download\Hunter\0.23.76\c7b6099\Unpacked\cmake\modules\"/>
		</Unit>
		<Unit filename="/d/skale-consensus/../../home/kladko/.hunter/_Base/Download/Hunter/0.23.76/c7b6099/Unpacked/cmake/modules/hunter_upload_to_custom_server.cmake">
			<Option virtualFolder="CMake Files\..\..\home\kladko\.hunter\_Base\Download\Hunter\0.23.76\c7b6099\Unpacked\cmake\modules\"/>
		</Unit>
		<Unit filename="/d/skale-consensus/../../home/kladko/.hunter/_Base/Download/Hunter/0.23.76/c7b6099/Unpacked/cmake/modules/hunter_user_error.cmake">
			<Option virtualFolder="CMake Files\..\..\home\kladko\.hunter\_Base\Download\Hunter\0.23.76\c7b6099\Unpacked\cmake\modules\"/>
		</Unit>
		<Unit filename="/d/skale-consensus/../../home/kladko/.hunter/_Base/Download/Hunter/0.23.76/c7b6099/Unpacked/cmake/modules/hunter_wiki.cmake">
			<Option virtualFolder="CMake Files\..\..\home\kladko\.hunter\_Base\Download\Hunter\0.23.76\c7b6099\Unpacked\cmake\modules\"/>
		</Unit>
		<Unit filename="/d/skale-consensus/../../home/kladko/.hunter/_Base/Download/Hunter/0.23.76/c7b6099/Unpacked/cmake/configs/default.cmake">
			<Option virtualFolder="CMake Files\..\..\home\kladko\.hunter\_Base\Download\Hunter\0.23.76\c7b6099\Unpacked\cmake\configs\"/>
		</Unit>
		<Unit filename="/d/skale-consensus/../../home/kladko/.hunter/_Base/Download/Hunter/0.23.76/c7b6099/Unpacked/cmake/projects/leveldb/hunter.cmake">
			<Option virtualFolder="CMake Files\..\..\home\kladko\.hunter\_Base\Download\Hunter\0.23.76\c7b6099\Unpacked\cmake\projects\leveldb\"/>
		</Unit>
		<Unit filename="/d/skale-consensus/../../home/kladko/.hunter/_Base/Download/Hunter/0.23.76/c7b6099/Unpacked/scripts/create-toolchain-info.cmake">
			<Option virtualFolder="CMake Files\..\..\home\kladko\.hunter\_Base\Download\Hunter\0.23.76\c7b6099\Unpacked\scripts\"/>
		</Unit>
		<Unit filename="/d/skale-consensus/../../home/kladko/.hunter/_Base/c7b6099/4162dcb/e190f5f/config.cmake">
			<Option virtualFolder="CMake Files\..\..\home\kladko\.hunter\_Base\c7b6099\4162dcb\e190f5f\"/>
		</Unit>
		<Unit filename="/d/skale-consensus/../../home/kladko/.hunter/_Base/c7b6099/4162dcb/e190f5f/Install/lib/cmake/leveldb/leveldbConfig.cmake">
			<Option virtualFolder="CMake Files\..\..\home\kladko\.hunter\_Base\c7b6099\4162dcb\e190f5f\Install\lib\cmake\leveldb\"/>
		</Unit>
		<Unit filename="/d/skale-consensus/../../home/kladko/.hunter/_Base/c7b6099/4162dcb/e190f5f/Install/lib/cmake/leveldb/leveldbConfigVersion.cmake">
			<Option virtualFolder="CMake Files\..\..\home\kladko\.hunter\_Base\c7b6099\4162dcb\e190f5f\Install\lib\cmake\leveldb\"/>
		</Unit>
		<Unit filename="/d/skale-consensus/../../home/kladko/.hunter/_Base/c7b6099/4162dcb/e190f5f/Install/lib/cmake/leveldb/leveldbTargets-debug.cmake">
			<Option virtualFolder="CMake Files\..\..\home\kladko\.hunter\_Base\c7b6099\4162dcb\e190f5f\Install\lib\cmake\leveldb\"/>
		</Unit>
		<Unit filename="/d/skale-consensus/../../home/kladko/.hunter/_Base/c7b6099/4162dcb/e190f5f/Install/lib/cmake/leveldb/leveldbTargets-release.cmake">
			<Option virtualFolder="CMake Files\..\..\home\kladko\.hunter\_Base\c7b6099\4162dcb\e190f5f\Install\lib\cmake\leveldb\"/>
		</Unit>
		<Unit filename="/d/skale-consensus/../../home/kladko/.hunter/_Base/c7b6099/4162dcb/e190f5f/Install/lib/cmake/leveldb/leveldbTargets.cmake">
			<Option virtualFolder="CMake Files\..\..\home\kladko\.hunter\_Base\c7b6099\4162dcb\e190f5f\Install\lib\cmake\leveldb\"/>
		</Unit>
		<Unit filename="/d/skale-consensus/../../home/kladko/.hunter/_Base/c7b6099/4162dcb/e190f5f/Install/lib/cmake/crc32c/crc32cConfig.cmake">
			<Option virtualFolder="CMake Files\..\..\home\kladko\.hunter\_Base\c7b6099\4162dcb\e190f5f\Install\lib\cmake\crc32c\"/>
		</Unit>
		<Unit filename="/d/skale-consensus/../../home/kladko/.hunter/_Base/c7b6099/4162dcb/e190f5f/Install/lib/cmake/crc32c/crc32cConfigVersion.cmake">
			<Option virtualFolder="CMake Files\..\..\home\kladko\.hunter\_Base\c7b6099\4162dcb\e190f5f\Install\lib\cmake\crc32c\"/>
		</Unit>
		<Unit filename="/d/skale-consensus/../../home/kladko/.hunter/_Base/c7b6099/4162dcb/e190f5f/Install/lib/cmake/crc32c/crc32cTargets-debug.cmake">
			<Option virtualFolder="CMake Files\..\..\home\kladko\.hunter\_Base\c7b6099\4162dcb\e190f5f\Install\lib\cmake\crc32c\"/>
		</Unit>
		<Unit filename="/d/skale-consensus/../../home/kladko/.hunter/_Base/c7b6099/4162dcb/e190f5f/Install/lib/cmake/crc32c/crc32cTargets-release.cmake">
			<Option virtualFolder="CMake Files\..\..\home\kladko\.hunter\_Base\c7b6099\4162dcb\e190f5f\Install\lib\cmake\crc32c\"/>
		</Unit>
		<Unit filename="/d/skale-consensus/../../home/kladko/.hunter/_Base/c7b6099/4162dcb/e190f5f/Install/lib/cmake/crc32c/crc32cTargets.cmake">
			<Option virtualFolder="CMake Files\..\..\home\kladko\.hunter\_Base\c7b6099\4162dcb\e190f5f\Install\lib\cmake\crc32c\"/>
		</Unit>
		<Unit filename="/d/skale-consensus/../../home/kladko/.hunter/_Base/c7b6099/4162dcb/e190f5f/Install/lib/cmake/Snappy/SnappyConfig.cmake">
			<Option virtualFolder="CMake Files\..\..\home\kladko\.hunter\_Base\c7b6099\4162dcb\e190f5f\Install\lib\cmake\Snappy\"/>
		</Unit>
		<Unit filename="/d/skale-consensus/../../home/kladko/.hunter/_Base/c7b6099/4162dcb/e190f5f/Install/lib/cmake/Snappy/SnappyConfigVersion.cmake">
			<Option virtualFolder="CMake Files\..\..\home\kladko\.hunter\_Base\c7b6099\4162dcb\e190f5f\Install\lib\cmake\Snappy\"/>
		</Unit>
		<Unit filename="/d/skale-consensus/../../home/kladko/.hunter/_Base/c7b6099/4162dcb/e190f5f/Install/lib/cmake/Snappy/SnappyTargets-debug.cmake">
			<Option virtualFolder="CMake Files\..\..\home\kladko\.hunter\_Base\c7b6099\4162dcb\e190f5f\Install\lib\cmake\Snappy\"/>
		</Unit>
		<Unit filename="/d/skale-consensus/../../home/kladko/.hunter/_Base/c7b6099/4162dcb/e190f5f/Install/lib/cmake/Snappy/SnappyTargets-release.cmake">
			<Option virtualFolder="CMake Files\..\..\home\kladko\.hunter\_Base\c7b6099\4162dcb\e190f5f\Install\lib\cmake\Snappy\"/>
		</Unit>
		<Unit filename="/d/skale-consensus/../../home/kladko/.hunter/_Base/c7b6099/4162dcb/e190f5f/Install/lib/cmake/Snappy/SnappyTargets.cmake">
			<Option virtualFolder="CMake Files\..\..\home\kladko\.hunter\_Base\c7b6099\4162dcb\e190f5f\Install\lib\cmake\Snappy\"/>
		</Unit>
		<Unit filename="/d/skale-consensus/_3rdParty/Hunter/toolchain/toolchain.info.NOLF">
			<Option virtualFolder="CMake Files\_3rdParty\Hunter\toolchain\"/>
		</Unit>
		<Unit filename="/d/skale-consensus/_3rdParty/Hunter/config-id/config.cmake.NOLF">
			<Option virtualFolder="CMake Files\_3rdParty\Hunter\config-id\"/>
		</Unit>
		<Unit filename="/d/skale-consensus/libBLS/CMakeLists.txt">
			<Option virtualFolder="CMake Files\libBLS\"/>
		</Unit>
		<Unit filename="/d/skale-consensus/libBLS/cmake/BlsFindClangFormat.cmake">
			<Option virtualFolder="CMake Files\libBLS\cmake\"/>
		</Unit>
		<Unit filename="/d/skale-consensus/libBLS/cmake/bls-clang-format.cmake">
			<Option virtualFolder="CMake Files\libBLS\cmake\"/>
		</Unit>
		<Unit filename="/d/skale-consensus/libBLS/threshold_encryption/CMakeLists.txt">
			<Option virtualFolder="CMake Files\libBLS\threshold_encryption\"/>
		</Unit>
	</Project>
</CodeBlocks_project_file>
